// !$*UTF8*$!
{
	archiveVersion = 1;
	classes = {
	};
	objectVersion = 51;
	objects = {

/* Begin PBXBuildFile section */
		0450BA0323510408003B0E98 /* CloudKit.framework in Frameworks */ = {isa = PBXBuildFile; fileRef = 0450BA0223510408003B0E98 /* CloudKit.framework */; };
		046B7E772363822A00C97B93 /* DetailBankVC.swift in Sources */ = {isa = PBXBuildFile; fileRef = 046B7E762363822A00C97B93 /* DetailBankVC.swift */; };
		0479AF7E237B2C9800038838 /* String+Ext.swift in Sources */ = {isa = PBXBuildFile; fileRef = 0479AF7D237B2C9800038838 /* String+Ext.swift */; };
		048BB21A2363973100150421 /* DetailBankView.swift in Sources */ = {isa = PBXBuildFile; fileRef = 048BB2192363973100150421 /* DetailBankView.swift */; };
		048C5390234BA13600ED883F /* TutorialVC.swift in Sources */ = {isa = PBXBuildFile; fileRef = 048C538F234BA13600ED883F /* TutorialVC.swift */; };
		0496B85F2375A56500407371 /* ExchangeRatesCustomFunc.swift in Sources */ = {isa = PBXBuildFile; fileRef = 0496B85E2375A56500407371 /* ExchangeRatesCustomFunc.swift */; };
		04A3D13B236C547A005C44E7 /* UserDefaults+Ext.swift in Sources */ = {isa = PBXBuildFile; fileRef = 04A3D13A236C547A005C44E7 /* UserDefaults+Ext.swift */; };
		04ACED9D2349F31300264199 /* Typealias.swift in Sources */ = {isa = PBXBuildFile; fileRef = 04ACED9C2349F31300264199 /* Typealias.swift */; };
		04ACED9F234A04F700264199 /* TutorialView.swift in Sources */ = {isa = PBXBuildFile; fileRef = 04ACED9E234A04F700264199 /* TutorialView.swift */; };
		04D1744C237DB9DB00B7773D /* URL.swift in Sources */ = {isa = PBXBuildFile; fileRef = 04D1744B237DB9DB00B7773D /* URL.swift */; };
		04D5F6B62349D76C00B25A05 /* CreateTutorialView.swift in Sources */ = {isa = PBXBuildFile; fileRef = 04D5F6B52349D76C00B25A05 /* CreateTutorialView.swift */; };
		04D5F6B82349D94400B25A05 /* BankModel.swift in Sources */ = {isa = PBXBuildFile; fileRef = 04D5F6B72349D94400B25A05 /* BankModel.swift */; };
		04D5F6C22349E26400B25A05 /* R.generated.swift in Sources */ = {isa = PBXBuildFile; fileRef = 04D5F6C12349E26400B25A05 /* R.generated.swift */; };
		04D6DBA6235E286C00618A66 /* BankTableViewCell.swift in Sources */ = {isa = PBXBuildFile; fileRef = 04D6DBA5235E286C00618A66 /* BankTableViewCell.swift */; };
		04D6DBA9235E28C400618A66 /* BanksView.swift in Sources */ = {isa = PBXBuildFile; fileRef = 04D6DBA8235E28C400618A66 /* BanksView.swift */; };
		04D6DBAB235E28D700618A66 /* BanksVC.swift in Sources */ = {isa = PBXBuildFile; fileRef = 04D6DBAA235E28D700618A66 /* BanksVC.swift */; };
		04F74ADB2363A16E0089B919 /* DetailTableViewCell.swift in Sources */ = {isa = PBXBuildFile; fileRef = 04F74ADA2363A16E0089B919 /* DetailTableViewCell.swift */; };
		04F74ADF2364EA880089B919 /* ExtraMenuDetailVC.swift in Sources */ = {isa = PBXBuildFile; fileRef = 04F74ADE2364EA880089B919 /* ExtraMenuDetailVC.swift */; };
		04F74AE22364EB030089B919 /* ExtraMenuDetailView.swift in Sources */ = {isa = PBXBuildFile; fileRef = 04F74AE12364EB030089B919 /* ExtraMenuDetailView.swift */; };
		04F932A02349E59100228657 /* Localizable.strings in Resources */ = {isa = PBXBuildFile; fileRef = 04F932A22349E59100228657 /* Localizable.strings */; };
		04F932A42349E62A00228657 /* Colors.xcassets in Resources */ = {isa = PBXBuildFile; fileRef = 04F932A32349E62A00228657 /* Colors.xcassets */; };
		04FBDFEC23799D8300C856D1 /* WebViewController.swift in Sources */ = {isa = PBXBuildFile; fileRef = 04FBDFEB23799D8300C856D1 /* WebViewController.swift */; };
		1F0E7539234E1F1B00A32B96 /* helveticaneue.ttf in Resources */ = {isa = PBXBuildFile; fileRef = 1F0E7537234E1F1B00A32B96 /* helveticaneue.ttf */; };
		1F0E753A234E1F1B00A32B96 /* HelveticaNeueBold.ttf in Resources */ = {isa = PBXBuildFile; fileRef = 1F0E7538234E1F1B00A32B96 /* HelveticaNeueBold.ttf */; };
		1F30B108236C16F2005E0C7F /* UIStackView+Ext.swift in Sources */ = {isa = PBXBuildFile; fileRef = 1F30B107236C16F2005E0C7F /* UIStackView+Ext.swift */; };
		1F42BE23236581BA00A5AF81 /* NetworkService.swift in Sources */ = {isa = PBXBuildFile; fileRef = 1F42BE22236581BA00A5AF81 /* NetworkService.swift */; };
		1FD0170D2365F59900BC5CC8 /* Request.swift in Sources */ = {isa = PBXBuildFile; fileRef = 1FD0170C2365F59900BC5CC8 /* Request.swift */; };
		5BBD71BE2348B75C00D0B9EA /* AppDelegate.swift in Sources */ = {isa = PBXBuildFile; fileRef = 5BBD71BD2348B75C00D0B9EA /* AppDelegate.swift */; };
		5BBD71C72348B76000D0B9EA /* Assets.xcassets in Resources */ = {isa = PBXBuildFile; fileRef = 5BBD71C62348B76000D0B9EA /* Assets.xcassets */; };
		5BBD71CA2348B76000D0B9EA /* LaunchScreen.storyboard in Resources */ = {isa = PBXBuildFile; fileRef = 5BBD71C82348B76000D0B9EA /* LaunchScreen.storyboard */; };
		A6ACDD0C67E634253C9C9B24 /* Pods_ExchangeRates.framework in Frameworks */ = {isa = PBXBuildFile; fileRef = D1D1C8643BB4DFE779D34A7B /* Pods_ExchangeRates.framework */; };
/* End PBXBuildFile section */

/* Begin PBXFileReference section */
		0450BA01235103F9003B0E98 /* ExchangeRates.entitlements */ = {isa = PBXFileReference; lastKnownFileType = text.plist.entitlements; path = ExchangeRates.entitlements; sourceTree = "<group>"; };
		0450BA0223510408003B0E98 /* CloudKit.framework */ = {isa = PBXFileReference; lastKnownFileType = wrapper.framework; name = CloudKit.framework; path = System/Library/Frameworks/CloudKit.framework; sourceTree = SDKROOT; };
		046B7E762363822A00C97B93 /* DetailBankVC.swift */ = {isa = PBXFileReference; lastKnownFileType = sourcecode.swift; path = DetailBankVC.swift; sourceTree = "<group>"; };
		0479AF7D237B2C9800038838 /* String+Ext.swift */ = {isa = PBXFileReference; lastKnownFileType = sourcecode.swift; path = "String+Ext.swift"; sourceTree = "<group>"; };
		048BB2192363973100150421 /* DetailBankView.swift */ = {isa = PBXFileReference; lastKnownFileType = sourcecode.swift; path = DetailBankView.swift; sourceTree = "<group>"; };
		048C538F234BA13600ED883F /* TutorialVC.swift */ = {isa = PBXFileReference; fileEncoding = 4; lastKnownFileType = sourcecode.swift; path = TutorialVC.swift; sourceTree = "<group>"; };
		0496B85E2375A56500407371 /* ExchangeRatesCustomFunc.swift */ = {isa = PBXFileReference; lastKnownFileType = sourcecode.swift; path = ExchangeRatesCustomFunc.swift; sourceTree = "<group>"; };
		04A3D13A236C547A005C44E7 /* UserDefaults+Ext.swift */ = {isa = PBXFileReference; lastKnownFileType = sourcecode.swift; path = "UserDefaults+Ext.swift"; sourceTree = "<group>"; };
		04ACED9C2349F31300264199 /* Typealias.swift */ = {isa = PBXFileReference; lastKnownFileType = sourcecode.swift; path = Typealias.swift; sourceTree = "<group>"; };
		04ACED9E234A04F700264199 /* TutorialView.swift */ = {isa = PBXFileReference; lastKnownFileType = sourcecode.swift; path = TutorialView.swift; sourceTree = "<group>"; };
		04D1744B237DB9DB00B7773D /* URL.swift */ = {isa = PBXFileReference; lastKnownFileType = sourcecode.swift; path = URL.swift; sourceTree = "<group>"; };
		04D5F6B52349D76C00B25A05 /* CreateTutorialView.swift */ = {isa = PBXFileReference; lastKnownFileType = sourcecode.swift; path = CreateTutorialView.swift; sourceTree = "<group>"; };
		04D5F6B72349D94400B25A05 /* BankModel.swift */ = {isa = PBXFileReference; lastKnownFileType = sourcecode.swift; path = BankModel.swift; sourceTree = "<group>"; };
		04D5F6C12349E26400B25A05 /* R.generated.swift */ = {isa = PBXFileReference; fileEncoding = 4; lastKnownFileType = sourcecode.swift; path = R.generated.swift; sourceTree = SOURCE_ROOT; };
		04D6DBA5235E286C00618A66 /* BankTableViewCell.swift */ = {isa = PBXFileReference; lastKnownFileType = sourcecode.swift; path = BankTableViewCell.swift; sourceTree = "<group>"; };
		04D6DBA8235E28C400618A66 /* BanksView.swift */ = {isa = PBXFileReference; lastKnownFileType = sourcecode.swift; path = BanksView.swift; sourceTree = "<group>"; };
		04D6DBAA235E28D700618A66 /* BanksVC.swift */ = {isa = PBXFileReference; lastKnownFileType = sourcecode.swift; path = BanksVC.swift; sourceTree = "<group>"; };
		04F74ADA2363A16E0089B919 /* DetailTableViewCell.swift */ = {isa = PBXFileReference; lastKnownFileType = sourcecode.swift; path = DetailTableViewCell.swift; sourceTree = "<group>"; };
		04F74ADE2364EA880089B919 /* ExtraMenuDetailVC.swift */ = {isa = PBXFileReference; lastKnownFileType = sourcecode.swift; path = ExtraMenuDetailVC.swift; sourceTree = "<group>"; };
		04F74AE12364EB030089B919 /* ExtraMenuDetailView.swift */ = {isa = PBXFileReference; lastKnownFileType = sourcecode.swift; path = ExtraMenuDetailView.swift; sourceTree = "<group>"; };
		04F932A12349E59100228657 /* en */ = {isa = PBXFileReference; lastKnownFileType = text.plist.strings; name = en; path = en.lproj/Localizable.strings; sourceTree = "<group>"; };
		04F932A32349E62A00228657 /* Colors.xcassets */ = {isa = PBXFileReference; lastKnownFileType = folder.assetcatalog; path = Colors.xcassets; sourceTree = "<group>"; };
		04FBDFEB23799D8300C856D1 /* WebViewController.swift */ = {isa = PBXFileReference; lastKnownFileType = sourcecode.swift; path = WebViewController.swift; sourceTree = "<group>"; };
		1F0E7537234E1F1B00A32B96 /* helveticaneue.ttf */ = {isa = PBXFileReference; lastKnownFileType = file; path = helveticaneue.ttf; sourceTree = "<group>"; };
		1F0E7538234E1F1B00A32B96 /* HelveticaNeueBold.ttf */ = {isa = PBXFileReference; lastKnownFileType = file; path = HelveticaNeueBold.ttf; sourceTree = "<group>"; };
		1F30B107236C16F2005E0C7F /* UIStackView+Ext.swift */ = {isa = PBXFileReference; lastKnownFileType = sourcecode.swift; path = "UIStackView+Ext.swift"; sourceTree = "<group>"; };
		1F42BE22236581BA00A5AF81 /* NetworkService.swift */ = {isa = PBXFileReference; lastKnownFileType = sourcecode.swift; path = NetworkService.swift; sourceTree = "<group>"; };
		1FD0170C2365F59900BC5CC8 /* Request.swift */ = {isa = PBXFileReference; lastKnownFileType = sourcecode.swift; path = Request.swift; sourceTree = "<group>"; };
		215B438D33C5DB212CC5FE8D /* Pods-ExchangeRates.release.xcconfig */ = {isa = PBXFileReference; includeInIndex = 1; lastKnownFileType = text.xcconfig; name = "Pods-ExchangeRates.release.xcconfig"; path = "Target Support Files/Pods-ExchangeRates/Pods-ExchangeRates.release.xcconfig"; sourceTree = "<group>"; };
		5BBD71BA2348B75C00D0B9EA /* ExchangeRates.app */ = {isa = PBXFileReference; explicitFileType = wrapper.application; includeInIndex = 0; path = ExchangeRates.app; sourceTree = BUILT_PRODUCTS_DIR; };
		5BBD71BD2348B75C00D0B9EA /* AppDelegate.swift */ = {isa = PBXFileReference; lastKnownFileType = sourcecode.swift; path = AppDelegate.swift; sourceTree = "<group>"; };
		5BBD71C62348B76000D0B9EA /* Assets.xcassets */ = {isa = PBXFileReference; lastKnownFileType = folder.assetcatalog; path = Assets.xcassets; sourceTree = "<group>"; };
		5BBD71C92348B76000D0B9EA /* Base */ = {isa = PBXFileReference; lastKnownFileType = file.storyboard; name = Base; path = Base.lproj/LaunchScreen.storyboard; sourceTree = "<group>"; };
		5BBD71CB2348B76000D0B9EA /* Info.plist */ = {isa = PBXFileReference; lastKnownFileType = text.plist.xml; path = Info.plist; sourceTree = "<group>"; };
		A8477F45C0E4B0C5CEEB2A6D /* Pods-ExchangeRates.debug.xcconfig */ = {isa = PBXFileReference; includeInIndex = 1; lastKnownFileType = text.xcconfig; name = "Pods-ExchangeRates.debug.xcconfig"; path = "Target Support Files/Pods-ExchangeRates/Pods-ExchangeRates.debug.xcconfig"; sourceTree = "<group>"; };
		D1D1C8643BB4DFE779D34A7B /* Pods_ExchangeRates.framework */ = {isa = PBXFileReference; explicitFileType = wrapper.framework; includeInIndex = 0; path = Pods_ExchangeRates.framework; sourceTree = BUILT_PRODUCTS_DIR; };
/* End PBXFileReference section */

/* Begin PBXFrameworksBuildPhase section */
		5BBD71B72348B75C00D0B9EA /* Frameworks */ = {
			isa = PBXFrameworksBuildPhase;
			buildActionMask = 2147483647;
			files = (
				A6ACDD0C67E634253C9C9B24 /* Pods_ExchangeRates.framework in Frameworks */,
				0450BA0323510408003B0E98 /* CloudKit.framework in Frameworks */,
			);
			runOnlyForDeploymentPostprocessing = 0;
		};
/* End PBXFrameworksBuildPhase section */

/* Begin PBXGroup section */
		046B7E782363822E00C97B93 /* Detail */ = {
			isa = PBXGroup;
			children = (
				046B7E762363822A00C97B93 /* DetailBankVC.swift */,
				048BB2192363973100150421 /* DetailBankView.swift */,
				04F74ADA2363A16E0089B919 /* DetailTableViewCell.swift */,
				04F74AE02364EAB30089B919 /* ExtraMenu */,
			);
			path = Detail;
			sourceTree = "<group>";
		};
		04D5F6AE2349D65E00B25A05 /* Models */ = {
			isa = PBXGroup;
			children = (
				04D5F6B72349D94400B25A05 /* BankModel.swift */,
			);
			path = Models;
			sourceTree = "<group>";
		};
		04D5F6B02349D6B800B25A05 /* UserStories */ = {
			isa = PBXGroup;
			children = (
				046B7E782363822E00C97B93 /* Detail */,
				04D6DBA7235E287E00618A66 /* Banks */,
				04D5F6B12349D6E600B25A05 /* Tutorial */,
			);
			path = UserStories;
			sourceTree = "<group>";
		};
		04D5F6B12349D6E600B25A05 /* Tutorial */ = {
			isa = PBXGroup;
			children = (
				048C538F234BA13600ED883F /* TutorialVC.swift */,
				04ACED9E234A04F700264199 /* TutorialView.swift */,
				04D5F6B52349D76C00B25A05 /* CreateTutorialView.swift */,
			);
			path = Tutorial;
			sourceTree = "<group>";
		};
		04D5F6B92349DA2800B25A05 /* Application */ = {
			isa = PBXGroup;
			children = (
				5BBD71BD2348B75C00D0B9EA /* AppDelegate.swift */,
				5BBD71CB2348B76000D0B9EA /* Info.plist */,
			);
			path = Application;
			sourceTree = "<group>";
		};
		04D5F6BA2349DA7700B25A05 /* Storyboards */ = {
			isa = PBXGroup;
			children = (
				5BBD71C82348B76000D0B9EA /* LaunchScreen.storyboard */,
			);
			path = Storyboards;
			sourceTree = "<group>";
		};
		04D5F6BB2349DADF00B25A05 /* Resurses */ = {
			isa = PBXGroup;
			children = (
				5B2069E72369AFC3009157F3 /* Images */,
				1FA439F7234BBE99007B5504 /* Fonts */,
				04D5F6C12349E26400B25A05 /* R.generated.swift */,
				04F932A22349E59100228657 /* Localizable.strings */,
				04ACED9C2349F31300264199 /* Typealias.swift */,
			);
			path = Resurses;
			sourceTree = "<group>";
		};
		04D6DBA7235E287E00618A66 /* Banks */ = {
			isa = PBXGroup;
			children = (
				04D6DBA5235E286C00618A66 /* BankTableViewCell.swift */,
				04D6DBA8235E28C400618A66 /* BanksView.swift */,
				04D6DBAA235E28D700618A66 /* BanksVC.swift */,
				04FBDFED23799D8800C856D1 /* Web */,
			);
			path = Banks;
			sourceTree = "<group>";
		};
		04F74AE02364EAB30089B919 /* ExtraMenu */ = {
			isa = PBXGroup;
			children = (
				04F74ADE2364EA880089B919 /* ExtraMenuDetailVC.swift */,
				04F74AE12364EB030089B919 /* ExtraMenuDetailView.swift */,
			);
			path = ExtraMenu;
			sourceTree = "<group>";
		};
		04FBDFED23799D8800C856D1 /* Web */ = {
			isa = PBXGroup;
			children = (
				04FBDFEB23799D8300C856D1 /* WebViewController.swift */,
			);
			path = Web;
			sourceTree = "<group>";
		};
		1F42BE212365819800A5AF81 /* Managers */ = {
			isa = PBXGroup;
			children = (
				1F42BE22236581BA00A5AF81 /* NetworkService.swift */,
				1FD0170C2365F59900BC5CC8 /* Request.swift */,
			);
			path = Managers;
			sourceTree = "<group>";
		};
		1FA439F7234BBE99007B5504 /* Fonts */ = {
			isa = PBXGroup;
			children = (
				1F0E7537234E1F1B00A32B96 /* helveticaneue.ttf */,
				1F0E7538234E1F1B00A32B96 /* HelveticaNeueBold.ttf */,
			);
			path = Fonts;
			sourceTree = "<group>";
		};
		1FA43A60234D0204007B5504 /* Extensions */ = {
			isa = PBXGroup;
			children = (
				1F30B107236C16F2005E0C7F /* UIStackView+Ext.swift */,
				04A3D13A236C547A005C44E7 /* UserDefaults+Ext.swift */,
				0479AF7D237B2C9800038838 /* String+Ext.swift */,
				0496B85E2375A56500407371 /* ExchangeRatesCustomFunc.swift */,
				04D1744B237DB9DB00B7773D /* URL.swift */,
			);
			path = Extensions;
			sourceTree = "<group>";
		};
		5B2069E72369AFC3009157F3 /* Images */ = {
			isa = PBXGroup;
			children = (
				5BBD71C62348B76000D0B9EA /* Assets.xcassets */,
				04F932A32349E62A00228657 /* Colors.xcassets */,
			);
			path = Images;
			sourceTree = "<group>";
		};
		5BBD71B12348B75C00D0B9EA = {
			isa = PBXGroup;
			children = (
				5BBD71BC2348B75C00D0B9EA /* ExchangeRates */,
				5BBD71BB2348B75C00D0B9EA /* Products */,
				CD5C47FCBA6DE41C171B3B88 /* Pods */,
				9D40D6B23F8EFCF2263B0C4E /* Frameworks */,
			);
			sourceTree = "<group>";
		};
		5BBD71BB2348B75C00D0B9EA /* Products */ = {
			isa = PBXGroup;
			children = (
				5BBD71BA2348B75C00D0B9EA /* ExchangeRates.app */,
			);
			name = Products;
			sourceTree = "<group>";
		};
		5BBD71BC2348B75C00D0B9EA /* ExchangeRates */ = {
			isa = PBXGroup;
			children = (
				0450BA01235103F9003B0E98 /* ExchangeRates.entitlements */,
				1FA43A60234D0204007B5504 /* Extensions */,
				04D5F6B92349DA2800B25A05 /* Application */,
				04D5F6AE2349D65E00B25A05 /* Models */,
				04D5F6B02349D6B800B25A05 /* UserStories */,
				04D5F6BB2349DADF00B25A05 /* Resurses */,
				04D5F6BA2349DA7700B25A05 /* Storyboards */,
				1F42BE212365819800A5AF81 /* Managers */,
			);
			path = ExchangeRates;
			sourceTree = "<group>";
		};
		9D40D6B23F8EFCF2263B0C4E /* Frameworks */ = {
			isa = PBXGroup;
			children = (
				0450BA0223510408003B0E98 /* CloudKit.framework */,
				D1D1C8643BB4DFE779D34A7B /* Pods_ExchangeRates.framework */,
			);
			name = Frameworks;
			sourceTree = "<group>";
		};
		CD5C47FCBA6DE41C171B3B88 /* Pods */ = {
			isa = PBXGroup;
			children = (
				A8477F45C0E4B0C5CEEB2A6D /* Pods-ExchangeRates.debug.xcconfig */,
				215B438D33C5DB212CC5FE8D /* Pods-ExchangeRates.release.xcconfig */,
			);
			path = Pods;
			sourceTree = "<group>";
		};
/* End PBXGroup section */

/* Begin PBXNativeTarget section */
		5BBD71B92348B75C00D0B9EA /* ExchangeRates */ = {
			isa = PBXNativeTarget;
			buildConfigurationList = 5BBD71CE2348B76000D0B9EA /* Build configuration list for PBXNativeTarget "ExchangeRates" */;
			buildPhases = (
				D9FA67C834B5785F980F32C0 /* [CP] Check Pods Manifest.lock */,
				04D5F6BC2349DD5A00B25A05 /* ShellScript */,
				5BBD71B62348B75C00D0B9EA /* Sources */,
				5BBD71B72348B75C00D0B9EA /* Frameworks */,
				5BBD71B82348B75C00D0B9EA /* Resources */,
				398429BC0E9D662AD30D4FAE /* [CP] Embed Pods Frameworks */,
			);
			buildRules = (
			);
			dependencies = (
			);
			name = ExchangeRates;
			productName = ExchangeRates;
			productReference = 5BBD71BA2348B75C00D0B9EA /* ExchangeRates.app */;
			productType = "com.apple.product-type.application";
		};
/* End PBXNativeTarget section */

/* Begin PBXProject section */
		5BBD71B22348B75C00D0B9EA /* Project object */ = {
			isa = PBXProject;
			attributes = {
				LastSwiftUpdateCheck = 1100;
				LastUpgradeCheck = 1100;
				ORGANIZATIONNAME = "Denis Melnikov";
				TargetAttributes = {
					5BBD71B92348B75C00D0B9EA = {
						CreatedOnToolsVersion = 11.0;
					};
				};
			};
			buildConfigurationList = 5BBD71B52348B75C00D0B9EA /* Build configuration list for PBXProject "ExchangeRates" */;
			compatibilityVersion = "Xcode 9.3";
			developmentRegion = en;
			hasScannedForEncodings = 0;
			knownRegions = (
				en,
				Base,
			);
			mainGroup = 5BBD71B12348B75C00D0B9EA;
			productRefGroup = 5BBD71BB2348B75C00D0B9EA /* Products */;
			projectDirPath = "";
			projectRoot = "";
			targets = (
				5BBD71B92348B75C00D0B9EA /* ExchangeRates */,
			);
		};
/* End PBXProject section */

/* Begin PBXResourcesBuildPhase section */
		5BBD71B82348B75C00D0B9EA /* Resources */ = {
			isa = PBXResourcesBuildPhase;
			buildActionMask = 2147483647;
			files = (
				04F932A42349E62A00228657 /* Colors.xcassets in Resources */,
				1F0E753A234E1F1B00A32B96 /* HelveticaNeueBold.ttf in Resources */,
				5BBD71CA2348B76000D0B9EA /* LaunchScreen.storyboard in Resources */,
				04F932A02349E59100228657 /* Localizable.strings in Resources */,
				5BBD71C72348B76000D0B9EA /* Assets.xcassets in Resources */,
				1F0E7539234E1F1B00A32B96 /* helveticaneue.ttf in Resources */,
			);
			runOnlyForDeploymentPostprocessing = 0;
		};
/* End PBXResourcesBuildPhase section */

/* Begin PBXShellScriptBuildPhase section */
		04D5F6BC2349DD5A00B25A05 /* ShellScript */ = {
			isa = PBXShellScriptBuildPhase;
			buildActionMask = 2147483647;
			files = (
			);
			inputFileListPaths = (
			);
			inputPaths = (
				"$TEMP_DIR/rswift-lastrun",
			);
			outputFileListPaths = (
			);
			outputPaths = (
				$SRCROOT/R.generated.swift,
			);
			runOnlyForDeploymentPostprocessing = 0;
			shellPath = /bin/sh;
			shellScript = "# Type a script or drag a script file from your workspace to insert its path.\n\"$PODS_ROOT/R.swift/rswift\" generate \"$SRCROOT/R.generated.swift\"\n";
		};
		398429BC0E9D662AD30D4FAE /* [CP] Embed Pods Frameworks */ = {
			isa = PBXShellScriptBuildPhase;
			buildActionMask = 2147483647;
			files = (
			);
			inputFileListPaths = (
				"${PODS_ROOT}/Target Support Files/Pods-ExchangeRates/Pods-ExchangeRates-frameworks-${CONFIGURATION}-input-files.xcfilelist",
			);
			name = "[CP] Embed Pods Frameworks";
			outputFileListPaths = (
				"${PODS_ROOT}/Target Support Files/Pods-ExchangeRates/Pods-ExchangeRates-frameworks-${CONFIGURATION}-output-files.xcfilelist",
			);
			runOnlyForDeploymentPostprocessing = 0;
			shellPath = /bin/sh;
			shellScript = "\"${PODS_ROOT}/Target Support Files/Pods-ExchangeRates/Pods-ExchangeRates-frameworks.sh\"\n";
			showEnvVarsInLog = 0;
		};
		D9FA67C834B5785F980F32C0 /* [CP] Check Pods Manifest.lock */ = {
			isa = PBXShellScriptBuildPhase;
			buildActionMask = 2147483647;
			files = (
			);
			inputFileListPaths = (
			);
			inputPaths = (
				"${PODS_PODFILE_DIR_PATH}/Podfile.lock",
				"${PODS_ROOT}/Manifest.lock",
			);
			name = "[CP] Check Pods Manifest.lock";
			outputFileListPaths = (
			);
			outputPaths = (
				"$(DERIVED_FILE_DIR)/Pods-ExchangeRates-checkManifestLockResult.txt",
			);
			runOnlyForDeploymentPostprocessing = 0;
			shellPath = /bin/sh;
			shellScript = "diff \"${PODS_PODFILE_DIR_PATH}/Podfile.lock\" \"${PODS_ROOT}/Manifest.lock\" > /dev/null\nif [ $? != 0 ] ; then\n    # print error to STDERR\n    echo \"error: The sandbox is not in sync with the Podfile.lock. Run 'pod install' or update your CocoaPods installation.\" >&2\n    exit 1\nfi\n# This output is used by Xcode 'outputs' to avoid re-running this script phase.\necho \"SUCCESS\" > \"${SCRIPT_OUTPUT_FILE_0}\"\n";
			showEnvVarsInLog = 0;
		};
/* End PBXShellScriptBuildPhase section */

/* Begin PBXSourcesBuildPhase section */
		5BBD71B62348B75C00D0B9EA /* Sources */ = {
			isa = PBXSourcesBuildPhase;
			buildActionMask = 2147483647;
			files = (
				1F30B108236C16F2005E0C7F /* UIStackView+Ext.swift in Sources */,
				046B7E772363822A00C97B93 /* DetailBankVC.swift in Sources */,
				048BB21A2363973100150421 /* DetailBankView.swift in Sources */,
				04F74AE22364EB030089B919 /* ExtraMenuDetailView.swift in Sources */,
				04FBDFEC23799D8300C856D1 /* WebViewController.swift in Sources */,
				0496B85F2375A56500407371 /* ExchangeRatesCustomFunc.swift in Sources */,
				04F74ADB2363A16E0089B919 /* DetailTableViewCell.swift in Sources */,
				04D6DBAB235E28D700618A66 /* BanksVC.swift in Sources */,
				048C5390234BA13600ED883F /* TutorialVC.swift in Sources */,
				1F42BE23236581BA00A5AF81 /* NetworkService.swift in Sources */,
				04D1744C237DB9DB00B7773D /* URL.swift in Sources */,
				0479AF7E237B2C9800038838 /* String+Ext.swift in Sources */,
				04A3D13B236C547A005C44E7 /* UserDefaults+Ext.swift in Sources */,
				04ACED9F234A04F700264199 /* TutorialView.swift in Sources */,
				04D5F6B62349D76C00B25A05 /* CreateTutorialView.swift in Sources */,
				04D5F6C22349E26400B25A05 /* R.generated.swift in Sources */,
				04D5F6B82349D94400B25A05 /* BankModel.swift in Sources */,
				1FD0170D2365F59900BC5CC8 /* Request.swift in Sources */,
				04D6DBA9235E28C400618A66 /* BanksView.swift in Sources */,
				04ACED9D2349F31300264199 /* Typealias.swift in Sources */,
				04F74ADF2364EA880089B919 /* ExtraMenuDetailVC.swift in Sources */,
				04D6DBA6235E286C00618A66 /* BankTableViewCell.swift in Sources */,
				5BBD71BE2348B75C00D0B9EA /* AppDelegate.swift in Sources */,
			);
			runOnlyForDeploymentPostprocessing = 0;
		};
/* End PBXSourcesBuildPhase section */

/* Begin PBXVariantGroup section */
		04F932A22349E59100228657 /* Localizable.strings */ = {
			isa = PBXVariantGroup;
			children = (
				04F932A12349E59100228657 /* en */,
			);
			name = Localizable.strings;
			sourceTree = "<group>";
		};
		5BBD71C82348B76000D0B9EA /* LaunchScreen.storyboard */ = {
			isa = PBXVariantGroup;
			children = (
				5BBD71C92348B76000D0B9EA /* Base */,
			);
			name = LaunchScreen.storyboard;
			sourceTree = "<group>";
		};
/* End PBXVariantGroup section */

/* Begin XCBuildConfiguration section */
		5BBD71CC2348B76000D0B9EA /* Debug */ = {
			isa = XCBuildConfiguration;
			buildSettings = {
				ALWAYS_SEARCH_USER_PATHS = NO;
				CLANG_ANALYZER_NONNULL = YES;
				CLANG_ANALYZER_NUMBER_OBJECT_CONVERSION = YES_AGGRESSIVE;
				CLANG_CXX_LANGUAGE_STANDARD = "gnu++14";
				CLANG_CXX_LIBRARY = "libc++";
				CLANG_ENABLE_MODULES = YES;
				CLANG_ENABLE_OBJC_ARC = YES;
				CLANG_ENABLE_OBJC_WEAK = YES;
				CLANG_WARN_BLOCK_CAPTURE_AUTORELEASING = YES;
				CLANG_WARN_BOOL_CONVERSION = YES;
				CLANG_WARN_COMMA = YES;
				CLANG_WARN_CONSTANT_CONVERSION = YES;
				CLANG_WARN_DEPRECATED_OBJC_IMPLEMENTATIONS = YES;
				CLANG_WARN_DIRECT_OBJC_ISA_USAGE = YES_ERROR;
				CLANG_WARN_DOCUMENTATION_COMMENTS = YES;
				CLANG_WARN_EMPTY_BODY = YES;
				CLANG_WARN_ENUM_CONVERSION = YES;
				CLANG_WARN_INFINITE_RECURSION = YES;
				CLANG_WARN_INT_CONVERSION = YES;
				CLANG_WARN_NON_LITERAL_NULL_CONVERSION = YES;
				CLANG_WARN_OBJC_IMPLICIT_RETAIN_SELF = YES;
				CLANG_WARN_OBJC_LITERAL_CONVERSION = YES;
				CLANG_WARN_OBJC_ROOT_CLASS = YES_ERROR;
				CLANG_WARN_RANGE_LOOP_ANALYSIS = YES;
				CLANG_WARN_STRICT_PROTOTYPES = YES;
				CLANG_WARN_SUSPICIOUS_MOVE = YES;
				CLANG_WARN_UNGUARDED_AVAILABILITY = YES_AGGRESSIVE;
				CLANG_WARN_UNREACHABLE_CODE = YES;
				CLANG_WARN__DUPLICATE_METHOD_MATCH = YES;
				COPY_PHASE_STRIP = NO;
				DEBUG_INFORMATION_FORMAT = dwarf;
				ENABLE_STRICT_OBJC_MSGSEND = YES;
				ENABLE_TESTABILITY = YES;
				GCC_C_LANGUAGE_STANDARD = gnu11;
				GCC_DYNAMIC_NO_PIC = NO;
				GCC_NO_COMMON_BLOCKS = YES;
				GCC_OPTIMIZATION_LEVEL = 0;
				GCC_PREPROCESSOR_DEFINITIONS = (
					"DEBUG=1",
					"$(inherited)",
				);
				GCC_WARN_64_TO_32_BIT_CONVERSION = YES;
				GCC_WARN_ABOUT_RETURN_TYPE = YES_ERROR;
				GCC_WARN_UNDECLARED_SELECTOR = YES;
				GCC_WARN_UNINITIALIZED_AUTOS = YES_AGGRESSIVE;
				GCC_WARN_UNUSED_FUNCTION = YES;
				GCC_WARN_UNUSED_VARIABLE = YES;
				IPHONEOS_DEPLOYMENT_TARGET = 11.1;
				MTL_ENABLE_DEBUG_INFO = INCLUDE_SOURCE;
				MTL_FAST_MATH = YES;
				ONLY_ACTIVE_ARCH = YES;
				SDKROOT = iphoneos;
				SWIFT_ACTIVE_COMPILATION_CONDITIONS = DEBUG;
				SWIFT_OPTIMIZATION_LEVEL = "-Onone";
			};
			name = Debug;
		};
		5BBD71CD2348B76000D0B9EA /* Release */ = {
			isa = XCBuildConfiguration;
			buildSettings = {
				ALWAYS_SEARCH_USER_PATHS = NO;
				CLANG_ANALYZER_NONNULL = YES;
				CLANG_ANALYZER_NUMBER_OBJECT_CONVERSION = YES_AGGRESSIVE;
				CLANG_CXX_LANGUAGE_STANDARD = "gnu++14";
				CLANG_CXX_LIBRARY = "libc++";
				CLANG_ENABLE_MODULES = YES;
				CLANG_ENABLE_OBJC_ARC = YES;
				CLANG_ENABLE_OBJC_WEAK = YES;
				CLANG_WARN_BLOCK_CAPTURE_AUTORELEASING = YES;
				CLANG_WARN_BOOL_CONVERSION = YES;
				CLANG_WARN_COMMA = YES;
				CLANG_WARN_CONSTANT_CONVERSION = YES;
				CLANG_WARN_DEPRECATED_OBJC_IMPLEMENTATIONS = YES;
				CLANG_WARN_DIRECT_OBJC_ISA_USAGE = YES_ERROR;
				CLANG_WARN_DOCUMENTATION_COMMENTS = YES;
				CLANG_WARN_EMPTY_BODY = YES;
				CLANG_WARN_ENUM_CONVERSION = YES;
				CLANG_WARN_INFINITE_RECURSION = YES;
				CLANG_WARN_INT_CONVERSION = YES;
				CLANG_WARN_NON_LITERAL_NULL_CONVERSION = YES;
				CLANG_WARN_OBJC_IMPLICIT_RETAIN_SELF = YES;
				CLANG_WARN_OBJC_LITERAL_CONVERSION = YES;
				CLANG_WARN_OBJC_ROOT_CLASS = YES_ERROR;
				CLANG_WARN_RANGE_LOOP_ANALYSIS = YES;
				CLANG_WARN_STRICT_PROTOTYPES = YES;
				CLANG_WARN_SUSPICIOUS_MOVE = YES;
				CLANG_WARN_UNGUARDED_AVAILABILITY = YES_AGGRESSIVE;
				CLANG_WARN_UNREACHABLE_CODE = YES;
				CLANG_WARN__DUPLICATE_METHOD_MATCH = YES;
				COPY_PHASE_STRIP = NO;
				DEBUG_INFORMATION_FORMAT = "dwarf-with-dsym";
				ENABLE_NS_ASSERTIONS = NO;
				ENABLE_STRICT_OBJC_MSGSEND = YES;
				GCC_C_LANGUAGE_STANDARD = gnu11;
				GCC_NO_COMMON_BLOCKS = YES;
				GCC_WARN_64_TO_32_BIT_CONVERSION = YES;
				GCC_WARN_ABOUT_RETURN_TYPE = YES_ERROR;
				GCC_WARN_UNDECLARED_SELECTOR = YES;
				GCC_WARN_UNINITIALIZED_AUTOS = YES_AGGRESSIVE;
				GCC_WARN_UNUSED_FUNCTION = YES;
				GCC_WARN_UNUSED_VARIABLE = YES;
				IPHONEOS_DEPLOYMENT_TARGET = 11.1;
				MTL_ENABLE_DEBUG_INFO = NO;
				MTL_FAST_MATH = YES;
				SDKROOT = iphoneos;
				SWIFT_COMPILATION_MODE = wholemodule;
				SWIFT_OPTIMIZATION_LEVEL = "-O";
				VALIDATE_PRODUCT = YES;
			};
			name = Release;
		};
		5BBD71CF2348B76000D0B9EA /* Debug */ = {
			isa = XCBuildConfiguration;
			baseConfigurationReference = A8477F45C0E4B0C5CEEB2A6D /* Pods-ExchangeRates.debug.xcconfig */;
			buildSettings = {
				ASSETCATALOG_COMPILER_APPICON_NAME = AppIcon;
				CODE_SIGN_ENTITLEMENTS = ExchangeRates/ExchangeRates.entitlements;
				CODE_SIGN_IDENTITY = "Apple Development";
				CODE_SIGN_STYLE = Manual;
				DEVELOPMENT_TEAM = "";
				INFOPLIST_FILE = "$(SRCROOT)/ExchangeRates/Application/Info.plist";
				IPHONEOS_DEPLOYMENT_TARGET = 11.1;
				LD_RUNPATH_SEARCH_PATHS = (
					"$(inherited)",
					"@executable_path/Frameworks",
				);
				PRODUCT_BUNDLE_IDENTIFIER = DenisMelnikov.ExchangeRates;
				PRODUCT_NAME = "$(TARGET_NAME)";
				PROVISIONING_PROFILE_SPECIFIER = "";
				SWIFT_VERSION = 5.0;
				TARGETED_DEVICE_FAMILY = 1;
			};
			name = Debug;
		};
		5BBD71D02348B76000D0B9EA /* Release */ = {
			isa = XCBuildConfiguration;
			baseConfigurationReference = 215B438D33C5DB212CC5FE8D /* Pods-ExchangeRates.release.xcconfig */;
			buildSettings = {
				ASSETCATALOG_COMPILER_APPICON_NAME = AppIcon;
				CODE_SIGN_ENTITLEMENTS = ExchangeRates/ExchangeRates.entitlements;
				CODE_SIGN_IDENTITY = "Apple Development";
				CODE_SIGN_STYLE = Manual;
				DEVELOPMENT_TEAM = "";
				INFOPLIST_FILE = "$(SRCROOT)/ExchangeRates/Application/Info.plist";
				IPHONEOS_DEPLOYMENT_TARGET = 11.1;
				LD_RUNPATH_SEARCH_PATHS = (
					"$(inherited)",
					"@executable_path/Frameworks",
				);
				PRODUCT_BUNDLE_IDENTIFIER = DenisMelnikov.ExchangeRates;
				PRODUCT_NAME = "$(TARGET_NAME)";
				PROVISIONING_PROFILE_SPECIFIER = "";
				SWIFT_VERSION = 5.0;
				TARGETED_DEVICE_FAMILY = 1;
			};
			name = Release;
		};
/* End XCBuildConfiguration section */

/* Begin XCConfigurationList section */
		5BBD71B52348B75C00D0B9EA /* Build configuration list for PBXProject "ExchangeRates" */ = {
			isa = XCConfigurationList;
			buildConfigurations = (
				5BBD71CC2348B76000D0B9EA /* Debug */,
				5BBD71CD2348B76000D0B9EA /* Release */,
			);
			defaultConfigurationIsVisible = 0;
			defaultConfigurationName = Release;
		};
		5BBD71CE2348B76000D0B9EA /* Build configuration list for PBXNativeTarget "ExchangeRates" */ = {
			isa = XCConfigurationList;
			buildConfigurations = (
				5BBD71CF2348B76000D0B9EA /* Debug */,
				5BBD71D02348B76000D0B9EA /* Release */,
			);
			defaultConfigurationIsVisible = 0;
			defaultConfigurationName = Release;
		};
/* End XCConfigurationList section */
	};
	rootObject = 5BBD71B22348B75C00D0B9EA /* Project object */;
}
