// !$*UTF8*$!
{
	archiveVersion = 1;
	classes = {
	};
	objectVersion = 51;
	objects = {

/* Begin PBXBuildFile section */
		048C5390234BA13600ED883F /* TutorialVC.swift in Sources */ = {isa = PBXBuildFile; fileRef = 048C538F234BA13600ED883F /* TutorialVC.swift */; };
		04ACED9D2349F31300264199 /* Typealias.swift in Sources */ = {isa = PBXBuildFile; fileRef = 04ACED9C2349F31300264199 /* Typealias.swift */; };
		04ACED9F234A04F700264199 /* TutorialView.swift in Sources */ = {isa = PBXBuildFile; fileRef = 04ACED9E234A04F700264199 /* TutorialView.swift */; };
		04D5F6B62349D76C00B25A05 /* CreateTutorialView.swift in Sources */ = {isa = PBXBuildFile; fileRef = 04D5F6B52349D76C00B25A05 /* CreateTutorialView.swift */; };
		04D5F6B82349D94400B25A05 /* Bank.swift in Sources */ = {isa = PBXBuildFile; fileRef = 04D5F6B72349D94400B25A05 /* Bank.swift */; };
		04D5F6C22349E26400B25A05 /* R.generated.swift in Sources */ = {isa = PBXBuildFile; fileRef = 04D5F6C12349E26400B25A05 /* R.generated.swift */; };
		04F932A02349E59100228657 /* Localizable.strings in Resources */ = {isa = PBXBuildFile; fileRef = 04F932A22349E59100228657 /* Localizable.strings */; };
		04F932A42349E62A00228657 /* Colors.xcassets in Resources */ = {isa = PBXBuildFile; fileRef = 04F932A32349E62A00228657 /* Colors.xcassets */; };
		1FA43A2C234BBFCA007B5504 /* helvetica-47-light-condensed-587ebd7b5a6f6.ttf in Resources */ = {isa = PBXBuildFile; fileRef = 1FA43A0D234BBEB5007B5504 /* helvetica-47-light-condensed-587ebd7b5a6f6.ttf */; };
		1FA43A2D234BBFCA007B5504 /* helvetica-75-bold-outline-587ebe00b76ba.ttf in Resources */ = {isa = PBXBuildFile; fileRef = 1FA43A0A234BBEB4007B5504 /* helvetica-75-bold-outline-587ebe00b76ba.ttf */; };
		1FA43A2E234BBFCA007B5504 /* HelveticaBlkIt.ttf in Resources */ = {isa = PBXBuildFile; fileRef = 1FA43A0B234BBEB4007B5504 /* HelveticaBlkIt.ttf */; };
		1FA43A2F234BBFCA007B5504 /* HelveticaNeue-Black.otf in Resources */ = {isa = PBXBuildFile; fileRef = 1FA43A18234BBEB5007B5504 /* HelveticaNeue-Black.otf */; };
		1FA43A30234BBFCA007B5504 /* HelveticaNeue-BlackCond.otf in Resources */ = {isa = PBXBuildFile; fileRef = 1FA43A02234BBEB4007B5504 /* HelveticaNeue-BlackCond.otf */; };
		1FA43A31234BBFCA007B5504 /* HelveticaNeue-BlackCondObl.otf in Resources */ = {isa = PBXBuildFile; fileRef = 1FA43A29234BBEB7007B5504 /* HelveticaNeue-BlackCondObl.otf */; };
		1FA43A32234BBFCA007B5504 /* HelveticaNeue-BlackExt.otf in Resources */ = {isa = PBXBuildFile; fileRef = 1FA43A0C234BBEB5007B5504 /* HelveticaNeue-BlackExt.otf */; };
		1FA43A33234BBFCA007B5504 /* HelveticaNeue-BlackExtObl.otf in Resources */ = {isa = PBXBuildFile; fileRef = 1FA439FF234BBEB4007B5504 /* HelveticaNeue-BlackExtObl.otf */; };
		1FA43A34234BBFCA007B5504 /* HelveticaNeue-BoldCondObl.otf in Resources */ = {isa = PBXBuildFile; fileRef = 1FA43A28234BBEB6007B5504 /* HelveticaNeue-BoldCondObl.otf */; };
		1FA43A35234BBFCA007B5504 /* HelveticaNeue-BoldExt.otf in Resources */ = {isa = PBXBuildFile; fileRef = 1FA43A19234BBEB5007B5504 /* HelveticaNeue-BoldExt.otf */; };
		1FA43A36234BBFCA007B5504 /* HelveticaNeue-BoldExtObl.otf in Resources */ = {isa = PBXBuildFile; fileRef = 1FA43A1F234BBEB6007B5504 /* HelveticaNeue-BoldExtObl.otf */; };
		1FA43A37234BBFCA007B5504 /* HelveticaNeue-Condensed.otf in Resources */ = {isa = PBXBuildFile; fileRef = 1FA43A14234BBEB5007B5504 /* HelveticaNeue-Condensed.otf */; };
		1FA43A38234BBFCA007B5504 /* HelveticaNeue-CondensedObl.otf in Resources */ = {isa = PBXBuildFile; fileRef = 1FA43A1B234BBEB6007B5504 /* HelveticaNeue-CondensedObl.otf */; };
		1FA43A39234BBFCA007B5504 /* HelveticaNeue-ExtBlackCond.otf in Resources */ = {isa = PBXBuildFile; fileRef = 1FA43A2A234BBEB7007B5504 /* HelveticaNeue-ExtBlackCond.otf */; };
		1FA43A3A234BBFCA007B5504 /* HelveticaNeue-ExtBlackCondObl.otf in Resources */ = {isa = PBXBuildFile; fileRef = 1FA43A27234BBEB6007B5504 /* HelveticaNeue-ExtBlackCondObl.otf */; };
		1FA43A3B234BBFCA007B5504 /* HelveticaNeue-Extended.otf in Resources */ = {isa = PBXBuildFile; fileRef = 1FA43A07234BBEB4007B5504 /* HelveticaNeue-Extended.otf */; };
		1FA43A3C234BBFCA007B5504 /* HelveticaNeue-ExtendedObl.otf in Resources */ = {isa = PBXBuildFile; fileRef = 1FA43A1D234BBEB6007B5504 /* HelveticaNeue-ExtendedObl.otf */; };
		1FA43A3D234BBFCA007B5504 /* HelveticaNeue-Heavy.otf in Resources */ = {isa = PBXBuildFile; fileRef = 1FA43A04234BBEB4007B5504 /* HelveticaNeue-Heavy.otf */; };
		1FA43A3E234BBFCA007B5504 /* HelveticaNeue-HeavyCond.otf in Resources */ = {isa = PBXBuildFile; fileRef = 1FA43A15234BBEB5007B5504 /* HelveticaNeue-HeavyCond.otf */; };
		1FA43A3F234BBFCA007B5504 /* HelveticaNeue-HeavyCondObl.otf in Resources */ = {isa = PBXBuildFile; fileRef = 1FA43A05234BBEB4007B5504 /* HelveticaNeue-HeavyCondObl.otf */; };
		1FA43A40234BBFCA007B5504 /* HelveticaNeue-HeavyExt.otf in Resources */ = {isa = PBXBuildFile; fileRef = 1FA43A20234BBEB6007B5504 /* HelveticaNeue-HeavyExt.otf */; };
		1FA43A41234BBFCA007B5504 /* HelveticaNeue-HeavyExtObl.otf in Resources */ = {isa = PBXBuildFile; fileRef = 1FA43A1A234BBEB6007B5504 /* HelveticaNeue-HeavyExtObl.otf */; };
		1FA43A42234BBFCA007B5504 /* HelveticaNeue-HeavyItalic.otf in Resources */ = {isa = PBXBuildFile; fileRef = 1FA439F8234BBEB3007B5504 /* HelveticaNeue-HeavyItalic.otf */; };
		1FA43A43234BBFCA007B5504 /* HelveticaNeue-Light.otf in Resources */ = {isa = PBXBuildFile; fileRef = 1FA43A1E234BBEB6007B5504 /* HelveticaNeue-Light.otf */; };
		1FA43A44234BBFCA007B5504 /* HelveticaNeue-LightCondObl.otf in Resources */ = {isa = PBXBuildFile; fileRef = 1FA43A08234BBEB4007B5504 /* HelveticaNeue-LightCondObl.otf */; };
		1FA43A45234BBFCA007B5504 /* HelveticaNeue-LightExt.otf in Resources */ = {isa = PBXBuildFile; fileRef = 1FA43A03234BBEB4007B5504 /* HelveticaNeue-LightExt.otf */; };
		1FA43A46234BBFCA007B5504 /* HelveticaNeue-LightExtObl.otf in Resources */ = {isa = PBXBuildFile; fileRef = 1FA43A26234BBEB6007B5504 /* HelveticaNeue-LightExtObl.otf */; };
		1FA43A47234BBFCA007B5504 /* HelveticaNeue-Medium.otf in Resources */ = {isa = PBXBuildFile; fileRef = 1FA43A21234BBEB6007B5504 /* HelveticaNeue-Medium.otf */; };
		1FA43A48234BBFCA007B5504 /* HelveticaNeue-MediumCond.otf in Resources */ = {isa = PBXBuildFile; fileRef = 1FA439FB234BBEB3007B5504 /* HelveticaNeue-MediumCond.otf */; };
		1FA43A49234BBFCA007B5504 /* HelveticaNeue-MediumCondObl.otf in Resources */ = {isa = PBXBuildFile; fileRef = 1FA43A11234BBEB5007B5504 /* HelveticaNeue-MediumCondObl.otf */; };
		1FA43A4A234BBFCA007B5504 /* HelveticaNeue-MediumExt.otf in Resources */ = {isa = PBXBuildFile; fileRef = 1FA43A0E234BBEB5007B5504 /* HelveticaNeue-MediumExt.otf */; };
		1FA43A4B234BBFCA007B5504 /* HelveticaNeue-MediumExtObl.otf in Resources */ = {isa = PBXBuildFile; fileRef = 1FA43A2B234BBEB7007B5504 /* HelveticaNeue-MediumExtObl.otf */; };
		1FA43A4C234BBFCA007B5504 /* HelveticaNeue-Roman.otf in Resources */ = {isa = PBXBuildFile; fileRef = 1FA43A24234BBEB6007B5504 /* HelveticaNeue-Roman.otf */; };
		1FA43A4D234BBFCA007B5504 /* HelveticaNeue-Thin.otf in Resources */ = {isa = PBXBuildFile; fileRef = 1FA439FE234BBEB4007B5504 /* HelveticaNeue-Thin.otf */; };
		1FA43A4E234BBFCA007B5504 /* HelveticaNeue-ThinCond.otf in Resources */ = {isa = PBXBuildFile; fileRef = 1FA43A12234BBEB5007B5504 /* HelveticaNeue-ThinCond.otf */; };
		1FA43A4F234BBFCA007B5504 /* HelveticaNeue-ThinCondObl.otf in Resources */ = {isa = PBXBuildFile; fileRef = 1FA43A25234BBEB6007B5504 /* HelveticaNeue-ThinCondObl.otf */; };
		1FA43A50234BBFCA007B5504 /* HelveticaNeue-ThinExtObl.otf in Resources */ = {isa = PBXBuildFile; fileRef = 1FA43A0F234BBEB5007B5504 /* HelveticaNeue-ThinExtObl.otf */; };
		1FA43A51234BBFCA007B5504 /* HelveticaNeue-ThinItalic.otf in Resources */ = {isa = PBXBuildFile; fileRef = 1FA43A09234BBEB4007B5504 /* HelveticaNeue-ThinItalic.otf */; };
		1FA43A52234BBFCA007B5504 /* HelveticaNeue-UltraLigCond.otf in Resources */ = {isa = PBXBuildFile; fileRef = 1FA439F9234BBEB3007B5504 /* HelveticaNeue-UltraLigCond.otf */; };
		1FA43A53234BBFCA007B5504 /* HelveticaNeue-UltraLigCondObl.otf in Resources */ = {isa = PBXBuildFile; fileRef = 1FA439FC234BBEB3007B5504 /* HelveticaNeue-UltraLigCondObl.otf */; };
		1FA43A54234BBFCA007B5504 /* HelveticaNeue-UltraLigExt.otf in Resources */ = {isa = PBXBuildFile; fileRef = 1FA439FD234BBEB4007B5504 /* HelveticaNeue-UltraLigExt.otf */; };
		1FA43A55234BBFCA007B5504 /* HelveticaNeueBold.ttf in Resources */ = {isa = PBXBuildFile; fileRef = 1FA43A00234BBEB4007B5504 /* HelveticaNeueBold.ttf */; };
		1FA43A56234BBFCA007B5504 /* HelveticaNeueBoldItalic.ttf in Resources */ = {isa = PBXBuildFile; fileRef = 1FA43A16234BBEB5007B5504 /* HelveticaNeueBoldItalic.ttf */; };
		1FA43A57234BBFCA007B5504 /* HelveticaNeueCondensedBlack.ttf in Resources */ = {isa = PBXBuildFile; fileRef = 1FA43A17234BBEB5007B5504 /* HelveticaNeueCondensedBlack.ttf */; };
		1FA43A58234BBFCA007B5504 /* HelveticaNeueCondensedBold.ttf in Resources */ = {isa = PBXBuildFile; fileRef = 1FA43A22234BBEB6007B5504 /* HelveticaNeueCondensedBold.ttf */; };
		1FA43A59234BBFCA007B5504 /* HelveticaNeueItalic.ttf in Resources */ = {isa = PBXBuildFile; fileRef = 1FA43A10234BBEB5007B5504 /* HelveticaNeueItalic.ttf */; };
		1FA43A5A234BBFCA007B5504 /* HelveticaNeueLight.ttf in Resources */ = {isa = PBXBuildFile; fileRef = 1FA43A01234BBEB4007B5504 /* HelveticaNeueLight.ttf */; };
		1FA43A5B234BBFCA007B5504 /* HelveticaNeueLightItalic.ttf in Resources */ = {isa = PBXBuildFile; fileRef = 1FA43A06234BBEB4007B5504 /* HelveticaNeueLightItalic.ttf */; };
		1FA43A5C234BBFCA007B5504 /* HelveticaNeueMedium.ttf in Resources */ = {isa = PBXBuildFile; fileRef = 1FA43A1C234BBEB6007B5504 /* HelveticaNeueMedium.ttf */; };
		1FA43A5D234BBFCA007B5504 /* HelveticaNeueUltraLight.ttf in Resources */ = {isa = PBXBuildFile; fileRef = 1FA43A13234BBEB5007B5504 /* HelveticaNeueUltraLight.ttf */; };
		1FA43A5E234BBFCA007B5504 /* HelveticaNeueUltraLightItal.ttf in Resources */ = {isa = PBXBuildFile; fileRef = 1FA43A23234BBEB6007B5504 /* HelveticaNeueUltraLightItal.ttf */; };
		1FA43A5F234BBFCE007B5504 /* helvetica-46-light-italic-587ebdb0ea724.ttf in Resources */ = {isa = PBXBuildFile; fileRef = 1FA439FA234BBEB3007B5504 /* helvetica-46-light-italic-587ebdb0ea724.ttf */; };
		5BBD71BE2348B75C00D0B9EA /* AppDelegate.swift in Sources */ = {isa = PBXBuildFile; fileRef = 5BBD71BD2348B75C00D0B9EA /* AppDelegate.swift */; };
		5BBD71C52348B75C00D0B9EA /* Main.storyboard in Resources */ = {isa = PBXBuildFile; fileRef = 5BBD71C32348B75C00D0B9EA /* Main.storyboard */; };
		5BBD71C72348B76000D0B9EA /* Assets.xcassets in Resources */ = {isa = PBXBuildFile; fileRef = 5BBD71C62348B76000D0B9EA /* Assets.xcassets */; };
		5BBD71CA2348B76000D0B9EA /* LaunchScreen.storyboard in Resources */ = {isa = PBXBuildFile; fileRef = 5BBD71C82348B76000D0B9EA /* LaunchScreen.storyboard */; };
		A6ACDD0C67E634253C9C9B24 /* Pods_ExchangeRates.framework in Frameworks */ = {isa = PBXBuildFile; fileRef = D1D1C8643BB4DFE779D34A7B /* Pods_ExchangeRates.framework */; };
/* End PBXBuildFile section */

/* Begin PBXFileReference section */
		048C538F234BA13600ED883F /* TutorialVC.swift */ = {isa = PBXFileReference; fileEncoding = 4; lastKnownFileType = sourcecode.swift; path = TutorialVC.swift; sourceTree = "<group>"; };
		04ACED9C2349F31300264199 /* Typealias.swift */ = {isa = PBXFileReference; lastKnownFileType = sourcecode.swift; path = Typealias.swift; sourceTree = "<group>"; };
		04ACED9E234A04F700264199 /* TutorialView.swift */ = {isa = PBXFileReference; lastKnownFileType = sourcecode.swift; path = TutorialView.swift; sourceTree = "<group>"; };
		04D5F6B52349D76C00B25A05 /* CreateTutorialView.swift */ = {isa = PBXFileReference; lastKnownFileType = sourcecode.swift; path = CreateTutorialView.swift; sourceTree = "<group>"; };
		04D5F6B72349D94400B25A05 /* Bank.swift */ = {isa = PBXFileReference; lastKnownFileType = sourcecode.swift; path = Bank.swift; sourceTree = "<group>"; };
		04D5F6C12349E26400B25A05 /* R.generated.swift */ = {isa = PBXFileReference; fileEncoding = 4; lastKnownFileType = sourcecode.swift; path = R.generated.swift; sourceTree = SOURCE_ROOT; };
		04F932A12349E59100228657 /* en */ = {isa = PBXFileReference; lastKnownFileType = text.plist.strings; name = en; path = en.lproj/Localizable.strings; sourceTree = "<group>"; };
		04F932A32349E62A00228657 /* Colors.xcassets */ = {isa = PBXFileReference; lastKnownFileType = folder.assetcatalog; path = Colors.xcassets; sourceTree = "<group>"; };
		1FA439F8234BBEB3007B5504 /* HelveticaNeue-HeavyItalic.otf */ = {isa = PBXFileReference; lastKnownFileType = file; path = "HelveticaNeue-HeavyItalic.otf"; sourceTree = "<group>"; };
		1FA439F9234BBEB3007B5504 /* HelveticaNeue-UltraLigCond.otf */ = {isa = PBXFileReference; lastKnownFileType = file; path = "HelveticaNeue-UltraLigCond.otf"; sourceTree = "<group>"; };
		1FA439FA234BBEB3007B5504 /* helvetica-46-light-italic-587ebdb0ea724.ttf */ = {isa = PBXFileReference; lastKnownFileType = file; path = "helvetica-46-light-italic-587ebdb0ea724.ttf"; sourceTree = "<group>"; };
		1FA439FB234BBEB3007B5504 /* HelveticaNeue-MediumCond.otf */ = {isa = PBXFileReference; lastKnownFileType = file; path = "HelveticaNeue-MediumCond.otf"; sourceTree = "<group>"; };
		1FA439FC234BBEB3007B5504 /* HelveticaNeue-UltraLigCondObl.otf */ = {isa = PBXFileReference; lastKnownFileType = file; path = "HelveticaNeue-UltraLigCondObl.otf"; sourceTree = "<group>"; };
		1FA439FD234BBEB4007B5504 /* HelveticaNeue-UltraLigExt.otf */ = {isa = PBXFileReference; lastKnownFileType = file; path = "HelveticaNeue-UltraLigExt.otf"; sourceTree = "<group>"; };
		1FA439FE234BBEB4007B5504 /* HelveticaNeue-Thin.otf */ = {isa = PBXFileReference; lastKnownFileType = file; path = "HelveticaNeue-Thin.otf"; sourceTree = "<group>"; };
		1FA439FF234BBEB4007B5504 /* HelveticaNeue-BlackExtObl.otf */ = {isa = PBXFileReference; lastKnownFileType = file; path = "HelveticaNeue-BlackExtObl.otf"; sourceTree = "<group>"; };
		1FA43A00234BBEB4007B5504 /* HelveticaNeueBold.ttf */ = {isa = PBXFileReference; lastKnownFileType = file; path = HelveticaNeueBold.ttf; sourceTree = "<group>"; };
		1FA43A01234BBEB4007B5504 /* HelveticaNeueLight.ttf */ = {isa = PBXFileReference; lastKnownFileType = file; path = HelveticaNeueLight.ttf; sourceTree = "<group>"; };
		1FA43A02234BBEB4007B5504 /* HelveticaNeue-BlackCond.otf */ = {isa = PBXFileReference; lastKnownFileType = file; path = "HelveticaNeue-BlackCond.otf"; sourceTree = "<group>"; };
		1FA43A03234BBEB4007B5504 /* HelveticaNeue-LightExt.otf */ = {isa = PBXFileReference; lastKnownFileType = file; path = "HelveticaNeue-LightExt.otf"; sourceTree = "<group>"; };
		1FA43A04234BBEB4007B5504 /* HelveticaNeue-Heavy.otf */ = {isa = PBXFileReference; lastKnownFileType = file; path = "HelveticaNeue-Heavy.otf"; sourceTree = "<group>"; };
		1FA43A05234BBEB4007B5504 /* HelveticaNeue-HeavyCondObl.otf */ = {isa = PBXFileReference; lastKnownFileType = file; path = "HelveticaNeue-HeavyCondObl.otf"; sourceTree = "<group>"; };
		1FA43A06234BBEB4007B5504 /* HelveticaNeueLightItalic.ttf */ = {isa = PBXFileReference; lastKnownFileType = file; path = HelveticaNeueLightItalic.ttf; sourceTree = "<group>"; };
		1FA43A07234BBEB4007B5504 /* HelveticaNeue-Extended.otf */ = {isa = PBXFileReference; lastKnownFileType = file; path = "HelveticaNeue-Extended.otf"; sourceTree = "<group>"; };
		1FA43A08234BBEB4007B5504 /* HelveticaNeue-LightCondObl.otf */ = {isa = PBXFileReference; lastKnownFileType = file; path = "HelveticaNeue-LightCondObl.otf"; sourceTree = "<group>"; };
		1FA43A09234BBEB4007B5504 /* HelveticaNeue-ThinItalic.otf */ = {isa = PBXFileReference; lastKnownFileType = file; path = "HelveticaNeue-ThinItalic.otf"; sourceTree = "<group>"; };
		1FA43A0A234BBEB4007B5504 /* helvetica-75-bold-outline-587ebe00b76ba.ttf */ = {isa = PBXFileReference; lastKnownFileType = file; path = "helvetica-75-bold-outline-587ebe00b76ba.ttf"; sourceTree = "<group>"; };
		1FA43A0B234BBEB4007B5504 /* HelveticaBlkIt.ttf */ = {isa = PBXFileReference; lastKnownFileType = file; path = HelveticaBlkIt.ttf; sourceTree = "<group>"; };
		1FA43A0C234BBEB5007B5504 /* HelveticaNeue-BlackExt.otf */ = {isa = PBXFileReference; lastKnownFileType = file; path = "HelveticaNeue-BlackExt.otf"; sourceTree = "<group>"; };
		1FA43A0D234BBEB5007B5504 /* helvetica-47-light-condensed-587ebd7b5a6f6.ttf */ = {isa = PBXFileReference; lastKnownFileType = file; path = "helvetica-47-light-condensed-587ebd7b5a6f6.ttf"; sourceTree = "<group>"; };
		1FA43A0E234BBEB5007B5504 /* HelveticaNeue-MediumExt.otf */ = {isa = PBXFileReference; lastKnownFileType = file; path = "HelveticaNeue-MediumExt.otf"; sourceTree = "<group>"; };
		1FA43A0F234BBEB5007B5504 /* HelveticaNeue-ThinExtObl.otf */ = {isa = PBXFileReference; lastKnownFileType = file; path = "HelveticaNeue-ThinExtObl.otf"; sourceTree = "<group>"; };
		1FA43A10234BBEB5007B5504 /* HelveticaNeueItalic.ttf */ = {isa = PBXFileReference; lastKnownFileType = file; path = HelveticaNeueItalic.ttf; sourceTree = "<group>"; };
		1FA43A11234BBEB5007B5504 /* HelveticaNeue-MediumCondObl.otf */ = {isa = PBXFileReference; lastKnownFileType = file; path = "HelveticaNeue-MediumCondObl.otf"; sourceTree = "<group>"; };
		1FA43A12234BBEB5007B5504 /* HelveticaNeue-ThinCond.otf */ = {isa = PBXFileReference; lastKnownFileType = file; path = "HelveticaNeue-ThinCond.otf"; sourceTree = "<group>"; };
		1FA43A13234BBEB5007B5504 /* HelveticaNeueUltraLight.ttf */ = {isa = PBXFileReference; lastKnownFileType = file; path = HelveticaNeueUltraLight.ttf; sourceTree = "<group>"; };
		1FA43A14234BBEB5007B5504 /* HelveticaNeue-Condensed.otf */ = {isa = PBXFileReference; lastKnownFileType = file; path = "HelveticaNeue-Condensed.otf"; sourceTree = "<group>"; };
		1FA43A15234BBEB5007B5504 /* HelveticaNeue-HeavyCond.otf */ = {isa = PBXFileReference; lastKnownFileType = file; path = "HelveticaNeue-HeavyCond.otf"; sourceTree = "<group>"; };
		1FA43A16234BBEB5007B5504 /* HelveticaNeueBoldItalic.ttf */ = {isa = PBXFileReference; lastKnownFileType = file; path = HelveticaNeueBoldItalic.ttf; sourceTree = "<group>"; };
		1FA43A17234BBEB5007B5504 /* HelveticaNeueCondensedBlack.ttf */ = {isa = PBXFileReference; lastKnownFileType = file; path = HelveticaNeueCondensedBlack.ttf; sourceTree = "<group>"; };
		1FA43A18234BBEB5007B5504 /* HelveticaNeue-Black.otf */ = {isa = PBXFileReference; lastKnownFileType = file; path = "HelveticaNeue-Black.otf"; sourceTree = "<group>"; };
		1FA43A19234BBEB5007B5504 /* HelveticaNeue-BoldExt.otf */ = {isa = PBXFileReference; lastKnownFileType = file; path = "HelveticaNeue-BoldExt.otf"; sourceTree = "<group>"; };
		1FA43A1A234BBEB6007B5504 /* HelveticaNeue-HeavyExtObl.otf */ = {isa = PBXFileReference; lastKnownFileType = file; path = "HelveticaNeue-HeavyExtObl.otf"; sourceTree = "<group>"; };
		1FA43A1B234BBEB6007B5504 /* HelveticaNeue-CondensedObl.otf */ = {isa = PBXFileReference; lastKnownFileType = file; path = "HelveticaNeue-CondensedObl.otf"; sourceTree = "<group>"; };
		1FA43A1C234BBEB6007B5504 /* HelveticaNeueMedium.ttf */ = {isa = PBXFileReference; lastKnownFileType = file; path = HelveticaNeueMedium.ttf; sourceTree = "<group>"; };
		1FA43A1D234BBEB6007B5504 /* HelveticaNeue-ExtendedObl.otf */ = {isa = PBXFileReference; lastKnownFileType = file; path = "HelveticaNeue-ExtendedObl.otf"; sourceTree = "<group>"; };
		1FA43A1E234BBEB6007B5504 /* HelveticaNeue-Light.otf */ = {isa = PBXFileReference; lastKnownFileType = file; path = "HelveticaNeue-Light.otf"; sourceTree = "<group>"; };
		1FA43A1F234BBEB6007B5504 /* HelveticaNeue-BoldExtObl.otf */ = {isa = PBXFileReference; lastKnownFileType = file; path = "HelveticaNeue-BoldExtObl.otf"; sourceTree = "<group>"; };
		1FA43A20234BBEB6007B5504 /* HelveticaNeue-HeavyExt.otf */ = {isa = PBXFileReference; lastKnownFileType = file; path = "HelveticaNeue-HeavyExt.otf"; sourceTree = "<group>"; };
		1FA43A21234BBEB6007B5504 /* HelveticaNeue-Medium.otf */ = {isa = PBXFileReference; lastKnownFileType = file; path = "HelveticaNeue-Medium.otf"; sourceTree = "<group>"; };
		1FA43A22234BBEB6007B5504 /* HelveticaNeueCondensedBold.ttf */ = {isa = PBXFileReference; lastKnownFileType = file; path = HelveticaNeueCondensedBold.ttf; sourceTree = "<group>"; };
		1FA43A23234BBEB6007B5504 /* HelveticaNeueUltraLightItal.ttf */ = {isa = PBXFileReference; lastKnownFileType = file; path = HelveticaNeueUltraLightItal.ttf; sourceTree = "<group>"; };
		1FA43A24234BBEB6007B5504 /* HelveticaNeue-Roman.otf */ = {isa = PBXFileReference; lastKnownFileType = file; path = "HelveticaNeue-Roman.otf"; sourceTree = "<group>"; };
		1FA43A25234BBEB6007B5504 /* HelveticaNeue-ThinCondObl.otf */ = {isa = PBXFileReference; lastKnownFileType = file; path = "HelveticaNeue-ThinCondObl.otf"; sourceTree = "<group>"; };
		1FA43A26234BBEB6007B5504 /* HelveticaNeue-LightExtObl.otf */ = {isa = PBXFileReference; lastKnownFileType = file; path = "HelveticaNeue-LightExtObl.otf"; sourceTree = "<group>"; };
		1FA43A27234BBEB6007B5504 /* HelveticaNeue-ExtBlackCondObl.otf */ = {isa = PBXFileReference; lastKnownFileType = file; path = "HelveticaNeue-ExtBlackCondObl.otf"; sourceTree = "<group>"; };
		1FA43A28234BBEB6007B5504 /* HelveticaNeue-BoldCondObl.otf */ = {isa = PBXFileReference; lastKnownFileType = file; path = "HelveticaNeue-BoldCondObl.otf"; sourceTree = "<group>"; };
		1FA43A29234BBEB7007B5504 /* HelveticaNeue-BlackCondObl.otf */ = {isa = PBXFileReference; lastKnownFileType = file; path = "HelveticaNeue-BlackCondObl.otf"; sourceTree = "<group>"; };
		1FA43A2A234BBEB7007B5504 /* HelveticaNeue-ExtBlackCond.otf */ = {isa = PBXFileReference; lastKnownFileType = file; path = "HelveticaNeue-ExtBlackCond.otf"; sourceTree = "<group>"; };
		1FA43A2B234BBEB7007B5504 /* HelveticaNeue-MediumExtObl.otf */ = {isa = PBXFileReference; lastKnownFileType = file; path = "HelveticaNeue-MediumExtObl.otf"; sourceTree = "<group>"; };
		215B438D33C5DB212CC5FE8D /* Pods-ExchangeRates.release.xcconfig */ = {isa = PBXFileReference; includeInIndex = 1; lastKnownFileType = text.xcconfig; name = "Pods-ExchangeRates.release.xcconfig"; path = "Target Support Files/Pods-ExchangeRates/Pods-ExchangeRates.release.xcconfig"; sourceTree = "<group>"; };
		5BBD71BA2348B75C00D0B9EA /* ExchangeRates.app */ = {isa = PBXFileReference; explicitFileType = wrapper.application; includeInIndex = 0; path = ExchangeRates.app; sourceTree = BUILT_PRODUCTS_DIR; };
		5BBD71BD2348B75C00D0B9EA /* AppDelegate.swift */ = {isa = PBXFileReference; lastKnownFileType = sourcecode.swift; path = AppDelegate.swift; sourceTree = "<group>"; };
		5BBD71C42348B75C00D0B9EA /* Base */ = {isa = PBXFileReference; lastKnownFileType = file.storyboard; name = Base; path = Base.lproj/Main.storyboard; sourceTree = "<group>"; };
		5BBD71C62348B76000D0B9EA /* Assets.xcassets */ = {isa = PBXFileReference; lastKnownFileType = folder.assetcatalog; path = Assets.xcassets; sourceTree = "<group>"; };
		5BBD71C92348B76000D0B9EA /* Base */ = {isa = PBXFileReference; lastKnownFileType = file.storyboard; name = Base; path = Base.lproj/LaunchScreen.storyboard; sourceTree = "<group>"; };
		5BBD71CB2348B76000D0B9EA /* Info.plist */ = {isa = PBXFileReference; lastKnownFileType = text.plist.xml; path = Info.plist; sourceTree = "<group>"; };
		A8477F45C0E4B0C5CEEB2A6D /* Pods-ExchangeRates.debug.xcconfig */ = {isa = PBXFileReference; includeInIndex = 1; lastKnownFileType = text.xcconfig; name = "Pods-ExchangeRates.debug.xcconfig"; path = "Target Support Files/Pods-ExchangeRates/Pods-ExchangeRates.debug.xcconfig"; sourceTree = "<group>"; };
		D1D1C8643BB4DFE779D34A7B /* Pods_ExchangeRates.framework */ = {isa = PBXFileReference; explicitFileType = wrapper.framework; includeInIndex = 0; path = Pods_ExchangeRates.framework; sourceTree = BUILT_PRODUCTS_DIR; };
/* End PBXFileReference section */

/* Begin PBXFrameworksBuildPhase section */
		5BBD71B72348B75C00D0B9EA /* Frameworks */ = {
			isa = PBXFrameworksBuildPhase;
			buildActionMask = 2147483647;
			files = (
				A6ACDD0C67E634253C9C9B24 /* Pods_ExchangeRates.framework in Frameworks */,
			);
			runOnlyForDeploymentPostprocessing = 0;
		};
/* End PBXFrameworksBuildPhase section */

/* Begin PBXGroup section */
		04D5F6AE2349D65E00B25A05 /* Models */ = {
			isa = PBXGroup;
			children = (
				04D5F6B72349D94400B25A05 /* Bank.swift */,
			);
			path = Models;
			sourceTree = "<group>";
		};
		04D5F6B02349D6B800B25A05 /* UserStories */ = {
			isa = PBXGroup;
			children = (
				04D5F6B12349D6E600B25A05 /* Tutorial */,
			);
			path = UserStories;
			sourceTree = "<group>";
		};
		04D5F6B12349D6E600B25A05 /* Tutorial */ = {
			isa = PBXGroup;
			children = (
				048C538F234BA13600ED883F /* TutorialVC.swift */,
				04ACED9E234A04F700264199 /* TutorialView.swift */,
				04D5F6B52349D76C00B25A05 /* CreateTutorialView.swift */,
			);
			path = Tutorial;
			sourceTree = "<group>";
		};
		04D5F6B92349DA2800B25A05 /* Application */ = {
			isa = PBXGroup;
			children = (
				5BBD71BD2348B75C00D0B9EA /* AppDelegate.swift */,
				5BBD71CB2348B76000D0B9EA /* Info.plist */,
			);
			path = Application;
			sourceTree = "<group>";
		};
		04D5F6BA2349DA7700B25A05 /* Storyboards */ = {
			isa = PBXGroup;
			children = (
				5BBD71C32348B75C00D0B9EA /* Main.storyboard */,
				5BBD71C82348B76000D0B9EA /* LaunchScreen.storyboard */,
			);
			path = Storyboards;
			sourceTree = "<group>";
		};
		04D5F6BB2349DADF00B25A05 /* Resurses */ = {
			isa = PBXGroup;
			children = (
				1FA439F7234BBE99007B5504 /* Fonts */,
				04D5F6C12349E26400B25A05 /* R.generated.swift */,
				5BBD71C62348B76000D0B9EA /* Assets.xcassets */,
				04F932A32349E62A00228657 /* Colors.xcassets */,
				04F932A22349E59100228657 /* Localizable.strings */,
				04ACED9C2349F31300264199 /* Typealias.swift */,
			);
			path = Resurses;
			sourceTree = "<group>";
		};
		1FA439F7234BBE99007B5504 /* Fonts */ = {
			isa = PBXGroup;
			children = (
				1FA439FA234BBEB3007B5504 /* helvetica-46-light-italic-587ebdb0ea724.ttf */,
				1FA43A0D234BBEB5007B5504 /* helvetica-47-light-condensed-587ebd7b5a6f6.ttf */,
				1FA43A0A234BBEB4007B5504 /* helvetica-75-bold-outline-587ebe00b76ba.ttf */,
				1FA43A0B234BBEB4007B5504 /* HelveticaBlkIt.ttf */,
				1FA43A18234BBEB5007B5504 /* HelveticaNeue-Black.otf */,
				1FA43A02234BBEB4007B5504 /* HelveticaNeue-BlackCond.otf */,
				1FA43A29234BBEB7007B5504 /* HelveticaNeue-BlackCondObl.otf */,
				1FA43A0C234BBEB5007B5504 /* HelveticaNeue-BlackExt.otf */,
				1FA439FF234BBEB4007B5504 /* HelveticaNeue-BlackExtObl.otf */,
				1FA43A28234BBEB6007B5504 /* HelveticaNeue-BoldCondObl.otf */,
				1FA43A19234BBEB5007B5504 /* HelveticaNeue-BoldExt.otf */,
				1FA43A1F234BBEB6007B5504 /* HelveticaNeue-BoldExtObl.otf */,
				1FA43A14234BBEB5007B5504 /* HelveticaNeue-Condensed.otf */,
				1FA43A1B234BBEB6007B5504 /* HelveticaNeue-CondensedObl.otf */,
				1FA43A2A234BBEB7007B5504 /* HelveticaNeue-ExtBlackCond.otf */,
				1FA43A27234BBEB6007B5504 /* HelveticaNeue-ExtBlackCondObl.otf */,
				1FA43A07234BBEB4007B5504 /* HelveticaNeue-Extended.otf */,
				1FA43A1D234BBEB6007B5504 /* HelveticaNeue-ExtendedObl.otf */,
				1FA43A04234BBEB4007B5504 /* HelveticaNeue-Heavy.otf */,
				1FA43A15234BBEB5007B5504 /* HelveticaNeue-HeavyCond.otf */,
				1FA43A05234BBEB4007B5504 /* HelveticaNeue-HeavyCondObl.otf */,
				1FA43A20234BBEB6007B5504 /* HelveticaNeue-HeavyExt.otf */,
				1FA43A1A234BBEB6007B5504 /* HelveticaNeue-HeavyExtObl.otf */,
				1FA439F8234BBEB3007B5504 /* HelveticaNeue-HeavyItalic.otf */,
				1FA43A1E234BBEB6007B5504 /* HelveticaNeue-Light.otf */,
				1FA43A08234BBEB4007B5504 /* HelveticaNeue-LightCondObl.otf */,
				1FA43A03234BBEB4007B5504 /* HelveticaNeue-LightExt.otf */,
				1FA43A26234BBEB6007B5504 /* HelveticaNeue-LightExtObl.otf */,
				1FA43A21234BBEB6007B5504 /* HelveticaNeue-Medium.otf */,
				1FA439FB234BBEB3007B5504 /* HelveticaNeue-MediumCond.otf */,
				1FA43A11234BBEB5007B5504 /* HelveticaNeue-MediumCondObl.otf */,
				1FA43A0E234BBEB5007B5504 /* HelveticaNeue-MediumExt.otf */,
				1FA43A2B234BBEB7007B5504 /* HelveticaNeue-MediumExtObl.otf */,
				1FA43A24234BBEB6007B5504 /* HelveticaNeue-Roman.otf */,
				1FA439FE234BBEB4007B5504 /* HelveticaNeue-Thin.otf */,
				1FA43A12234BBEB5007B5504 /* HelveticaNeue-ThinCond.otf */,
				1FA43A25234BBEB6007B5504 /* HelveticaNeue-ThinCondObl.otf */,
				1FA43A0F234BBEB5007B5504 /* HelveticaNeue-ThinExtObl.otf */,
				1FA43A09234BBEB4007B5504 /* HelveticaNeue-ThinItalic.otf */,
				1FA439F9234BBEB3007B5504 /* HelveticaNeue-UltraLigCond.otf */,
				1FA439FC234BBEB3007B5504 /* HelveticaNeue-UltraLigCondObl.otf */,
				1FA439FD234BBEB4007B5504 /* HelveticaNeue-UltraLigExt.otf */,
				1FA43A00234BBEB4007B5504 /* HelveticaNeueBold.ttf */,
				1FA43A16234BBEB5007B5504 /* HelveticaNeueBoldItalic.ttf */,
				1FA43A17234BBEB5007B5504 /* HelveticaNeueCondensedBlack.ttf */,
				1FA43A22234BBEB6007B5504 /* HelveticaNeueCondensedBold.ttf */,
				1FA43A10234BBEB5007B5504 /* HelveticaNeueItalic.ttf */,
				1FA43A01234BBEB4007B5504 /* HelveticaNeueLight.ttf */,
				1FA43A06234BBEB4007B5504 /* HelveticaNeueLightItalic.ttf */,
				1FA43A1C234BBEB6007B5504 /* HelveticaNeueMedium.ttf */,
				1FA43A13234BBEB5007B5504 /* HelveticaNeueUltraLight.ttf */,
				1FA43A23234BBEB6007B5504 /* HelveticaNeueUltraLightItal.ttf */,
			);
			path = Fonts;
			sourceTree = "<group>";
		};
		1FA43A60234D0204007B5504 /* Extensions */ = {
			isa = PBXGroup;
			children = (
			);
			path = Extensions;
			sourceTree = "<group>";
		};
		5BBD71B12348B75C00D0B9EA = {
			isa = PBXGroup;
			children = (
				5BBD71BC2348B75C00D0B9EA /* ExchangeRates */,
				5BBD71BB2348B75C00D0B9EA /* Products */,
				CD5C47FCBA6DE41C171B3B88 /* Pods */,
				9D40D6B23F8EFCF2263B0C4E /* Frameworks */,
			);
			sourceTree = "<group>";
		};
		5BBD71BB2348B75C00D0B9EA /* Products */ = {
			isa = PBXGroup;
			children = (
				5BBD71BA2348B75C00D0B9EA /* ExchangeRates.app */,
			);
			name = Products;
			sourceTree = "<group>";
		};
		5BBD71BC2348B75C00D0B9EA /* ExchangeRates */ = {
			isa = PBXGroup;
			children = (
				1FA43A60234D0204007B5504 /* Extensions */,
				04D5F6B92349DA2800B25A05 /* Application */,
				04D5F6AE2349D65E00B25A05 /* Models */,
				04D5F6B02349D6B800B25A05 /* UserStories */,
				04D5F6BB2349DADF00B25A05 /* Resurses */,
				04D5F6BA2349DA7700B25A05 /* Storyboards */,
			);
			path = ExchangeRates;
			sourceTree = "<group>";
		};
		9D40D6B23F8EFCF2263B0C4E /* Frameworks */ = {
			isa = PBXGroup;
			children = (
				D1D1C8643BB4DFE779D34A7B /* Pods_ExchangeRates.framework */,
			);
			name = Frameworks;
			sourceTree = "<group>";
		};
		CD5C47FCBA6DE41C171B3B88 /* Pods */ = {
			isa = PBXGroup;
			children = (
				A8477F45C0E4B0C5CEEB2A6D /* Pods-ExchangeRates.debug.xcconfig */,
				215B438D33C5DB212CC5FE8D /* Pods-ExchangeRates.release.xcconfig */,
			);
			path = Pods;
			sourceTree = "<group>";
		};
/* End PBXGroup section */

/* Begin PBXNativeTarget section */
		5BBD71B92348B75C00D0B9EA /* ExchangeRates */ = {
			isa = PBXNativeTarget;
			buildConfigurationList = 5BBD71CE2348B76000D0B9EA /* Build configuration list for PBXNativeTarget "ExchangeRates" */;
			buildPhases = (
				D9FA67C834B5785F980F32C0 /* [CP] Check Pods Manifest.lock */,
				04D5F6BC2349DD5A00B25A05 /* ShellScript */,
				5BBD71B62348B75C00D0B9EA /* Sources */,
				5BBD71B72348B75C00D0B9EA /* Frameworks */,
				5BBD71B82348B75C00D0B9EA /* Resources */,
				398429BC0E9D662AD30D4FAE /* [CP] Embed Pods Frameworks */,
			);
			buildRules = (
			);
			dependencies = (
			);
			name = ExchangeRates;
			productName = ExchangeRates;
			productReference = 5BBD71BA2348B75C00D0B9EA /* ExchangeRates.app */;
			productType = "com.apple.product-type.application";
		};
/* End PBXNativeTarget section */

/* Begin PBXProject section */
		5BBD71B22348B75C00D0B9EA /* Project object */ = {
			isa = PBXProject;
			attributes = {
				LastSwiftUpdateCheck = 1100;
				LastUpgradeCheck = 1100;
				ORGANIZATIONNAME = "Denis Melnikov";
				TargetAttributes = {
					5BBD71B92348B75C00D0B9EA = {
						CreatedOnToolsVersion = 11.0;
					};
				};
			};
			buildConfigurationList = 5BBD71B52348B75C00D0B9EA /* Build configuration list for PBXProject "ExchangeRates" */;
			compatibilityVersion = "Xcode 9.3";
			developmentRegion = en;
			hasScannedForEncodings = 0;
			knownRegions = (
				en,
				Base,
			);
			mainGroup = 5BBD71B12348B75C00D0B9EA;
			productRefGroup = 5BBD71BB2348B75C00D0B9EA /* Products */;
			projectDirPath = "";
			projectRoot = "";
			targets = (
				5BBD71B92348B75C00D0B9EA /* ExchangeRates */,
			);
		};
/* End PBXProject section */

/* Begin PBXResourcesBuildPhase section */
		5BBD71B82348B75C00D0B9EA /* Resources */ = {
			isa = PBXResourcesBuildPhase;
			buildActionMask = 2147483647;
			files = (
				1FA43A4C234BBFCA007B5504 /* HelveticaNeue-Roman.otf in Resources */,
				1FA43A2F234BBFCA007B5504 /* HelveticaNeue-Black.otf in Resources */,
				1FA43A36234BBFCA007B5504 /* HelveticaNeue-BoldExtObl.otf in Resources */,
				1FA43A3D234BBFCA007B5504 /* HelveticaNeue-Heavy.otf in Resources */,
				1FA43A34234BBFCA007B5504 /* HelveticaNeue-BoldCondObl.otf in Resources */,
				1FA43A41234BBFCA007B5504 /* HelveticaNeue-HeavyExtObl.otf in Resources */,
				1FA43A53234BBFCA007B5504 /* HelveticaNeue-UltraLigCondObl.otf in Resources */,
				1FA43A5E234BBFCA007B5504 /* HelveticaNeueUltraLightItal.ttf in Resources */,
				04F932A42349E62A00228657 /* Colors.xcassets in Resources */,
				1FA43A4F234BBFCA007B5504 /* HelveticaNeue-ThinCondObl.otf in Resources */,
				1FA43A59234BBFCA007B5504 /* HelveticaNeueItalic.ttf in Resources */,
				1FA43A37234BBFCA007B5504 /* HelveticaNeue-Condensed.otf in Resources */,
				1FA43A30234BBFCA007B5504 /* HelveticaNeue-BlackCond.otf in Resources */,
				1FA43A31234BBFCA007B5504 /* HelveticaNeue-BlackCondObl.otf in Resources */,
				1FA43A49234BBFCA007B5504 /* HelveticaNeue-MediumCondObl.otf in Resources */,
				1FA43A46234BBFCA007B5504 /* HelveticaNeue-LightExtObl.otf in Resources */,
				1FA43A3C234BBFCA007B5504 /* HelveticaNeue-ExtendedObl.otf in Resources */,
				1FA43A2E234BBFCA007B5504 /* HelveticaBlkIt.ttf in Resources */,
				1FA43A56234BBFCA007B5504 /* HelveticaNeueBoldItalic.ttf in Resources */,
				1FA43A5B234BBFCA007B5504 /* HelveticaNeueLightItalic.ttf in Resources */,
				1FA43A45234BBFCA007B5504 /* HelveticaNeue-LightExt.otf in Resources */,
				1FA43A3E234BBFCA007B5504 /* HelveticaNeue-HeavyCond.otf in Resources */,
				1FA43A4D234BBFCA007B5504 /* HelveticaNeue-Thin.otf in Resources */,
				5BBD71CA2348B76000D0B9EA /* LaunchScreen.storyboard in Resources */,
				1FA43A47234BBFCA007B5504 /* HelveticaNeue-Medium.otf in Resources */,
				1FA43A39234BBFCA007B5504 /* HelveticaNeue-ExtBlackCond.otf in Resources */,
				1FA43A3A234BBFCA007B5504 /* HelveticaNeue-ExtBlackCondObl.otf in Resources */,
				1FA43A40234BBFCA007B5504 /* HelveticaNeue-HeavyExt.otf in Resources */,
				1FA43A5F234BBFCE007B5504 /* helvetica-46-light-italic-587ebdb0ea724.ttf in Resources */,
				1FA43A3F234BBFCA007B5504 /* HelveticaNeue-HeavyCondObl.otf in Resources */,
				1FA43A44234BBFCA007B5504 /* HelveticaNeue-LightCondObl.otf in Resources */,
				1FA43A33234BBFCA007B5504 /* HelveticaNeue-BlackExtObl.otf in Resources */,
				1FA43A42234BBFCA007B5504 /* HelveticaNeue-HeavyItalic.otf in Resources */,
				1FA43A38234BBFCA007B5504 /* HelveticaNeue-CondensedObl.otf in Resources */,
				1FA43A58234BBFCA007B5504 /* HelveticaNeueCondensedBold.ttf in Resources */,
				1FA43A5A234BBFCA007B5504 /* HelveticaNeueLight.ttf in Resources */,
				1FA43A35234BBFCA007B5504 /* HelveticaNeue-BoldExt.otf in Resources */,
				1FA43A2D234BBFCA007B5504 /* helvetica-75-bold-outline-587ebe00b76ba.ttf in Resources */,
				1FA43A5C234BBFCA007B5504 /* HelveticaNeueMedium.ttf in Resources */,
				04F932A02349E59100228657 /* Localizable.strings in Resources */,
				1FA43A2C234BBFCA007B5504 /* helvetica-47-light-condensed-587ebd7b5a6f6.ttf in Resources */,
				1FA43A43234BBFCA007B5504 /* HelveticaNeue-Light.otf in Resources */,
				5BBD71C72348B76000D0B9EA /* Assets.xcassets in Resources */,
				1FA43A4A234BBFCA007B5504 /* HelveticaNeue-MediumExt.otf in Resources */,
				1FA43A55234BBFCA007B5504 /* HelveticaNeueBold.ttf in Resources */,
				1FA43A51234BBFCA007B5504 /* HelveticaNeue-ThinItalic.otf in Resources */,
				1FA43A52234BBFCA007B5504 /* HelveticaNeue-UltraLigCond.otf in Resources */,
				1FA43A5D234BBFCA007B5504 /* HelveticaNeueUltraLight.ttf in Resources */,
				1FA43A57234BBFCA007B5504 /* HelveticaNeueCondensedBlack.ttf in Resources */,
				1FA43A4B234BBFCA007B5504 /* HelveticaNeue-MediumExtObl.otf in Resources */,
				1FA43A32234BBFCA007B5504 /* HelveticaNeue-BlackExt.otf in Resources */,
				5BBD71C52348B75C00D0B9EA /* Main.storyboard in Resources */,
				1FA43A3B234BBFCA007B5504 /* HelveticaNeue-Extended.otf in Resources */,
				1FA43A50234BBFCA007B5504 /* HelveticaNeue-ThinExtObl.otf in Resources */,
				1FA43A48234BBFCA007B5504 /* HelveticaNeue-MediumCond.otf in Resources */,
				1FA43A54234BBFCA007B5504 /* HelveticaNeue-UltraLigExt.otf in Resources */,
				1FA43A4E234BBFCA007B5504 /* HelveticaNeue-ThinCond.otf in Resources */,
			);
			runOnlyForDeploymentPostprocessing = 0;
		};
/* End PBXResourcesBuildPhase section */

/* Begin PBXShellScriptBuildPhase section */
		04D5F6BC2349DD5A00B25A05 /* ShellScript */ = {
			isa = PBXShellScriptBuildPhase;
			buildActionMask = 2147483647;
			files = (
			);
			inputFileListPaths = (
			);
			inputPaths = (
				"$TEMP_DIR/rswift-lastrun",
			);
			outputFileListPaths = (
			);
			outputPaths = (
				$SRCROOT/R.generated.swift,
			);
			runOnlyForDeploymentPostprocessing = 0;
			shellPath = /bin/sh;
			shellScript = "# Type a script or drag a script file from your workspace to insert its path.\n\"$PODS_ROOT/R.swift/rswift\" generate \"$SRCROOT/R.generated.swift\"\n";
		};
		398429BC0E9D662AD30D4FAE /* [CP] Embed Pods Frameworks */ = {
			isa = PBXShellScriptBuildPhase;
			buildActionMask = 2147483647;
			files = (
			);
			inputFileListPaths = (
				"${PODS_ROOT}/Target Support Files/Pods-ExchangeRates/Pods-ExchangeRates-frameworks-${CONFIGURATION}-input-files.xcfilelist",
			);
			name = "[CP] Embed Pods Frameworks";
			outputFileListPaths = (
				"${PODS_ROOT}/Target Support Files/Pods-ExchangeRates/Pods-ExchangeRates-frameworks-${CONFIGURATION}-output-files.xcfilelist",
			);
			runOnlyForDeploymentPostprocessing = 0;
			shellPath = /bin/sh;
			shellScript = "\"${PODS_ROOT}/Target Support Files/Pods-ExchangeRates/Pods-ExchangeRates-frameworks.sh\"\n";
			showEnvVarsInLog = 0;
		};
		D9FA67C834B5785F980F32C0 /* [CP] Check Pods Manifest.lock */ = {
			isa = PBXShellScriptBuildPhase;
			buildActionMask = 2147483647;
			files = (
			);
			inputFileListPaths = (
			);
			inputPaths = (
				"${PODS_PODFILE_DIR_PATH}/Podfile.lock",
				"${PODS_ROOT}/Manifest.lock",
			);
			name = "[CP] Check Pods Manifest.lock";
			outputFileListPaths = (
			);
			outputPaths = (
				"$(DERIVED_FILE_DIR)/Pods-ExchangeRates-checkManifestLockResult.txt",
			);
			runOnlyForDeploymentPostprocessing = 0;
			shellPath = /bin/sh;
			shellScript = "diff \"${PODS_PODFILE_DIR_PATH}/Podfile.lock\" \"${PODS_ROOT}/Manifest.lock\" > /dev/null\nif [ $? != 0 ] ; then\n    # print error to STDERR\n    echo \"error: The sandbox is not in sync with the Podfile.lock. Run 'pod install' or update your CocoaPods installation.\" >&2\n    exit 1\nfi\n# This output is used by Xcode 'outputs' to avoid re-running this script phase.\necho \"SUCCESS\" > \"${SCRIPT_OUTPUT_FILE_0}\"\n";
			showEnvVarsInLog = 0;
		};
/* End PBXShellScriptBuildPhase section */

/* Begin PBXSourcesBuildPhase section */
		5BBD71B62348B75C00D0B9EA /* Sources */ = {
			isa = PBXSourcesBuildPhase;
			buildActionMask = 2147483647;
			files = (
				048C5390234BA13600ED883F /* TutorialVC.swift in Sources */,
				04ACED9F234A04F700264199 /* TutorialView.swift in Sources */,
				04D5F6B62349D76C00B25A05 /* CreateTutorialView.swift in Sources */,
				04D5F6C22349E26400B25A05 /* R.generated.swift in Sources */,
				04D5F6B82349D94400B25A05 /* Bank.swift in Sources */,
				04ACED9D2349F31300264199 /* Typealias.swift in Sources */,
				5BBD71BE2348B75C00D0B9EA /* AppDelegate.swift in Sources */,
			);
			runOnlyForDeploymentPostprocessing = 0;
		};
/* End PBXSourcesBuildPhase section */

/* Begin PBXVariantGroup section */
		04F932A22349E59100228657 /* Localizable.strings */ = {
			isa = PBXVariantGroup;
			children = (
				04F932A12349E59100228657 /* en */,
			);
			name = Localizable.strings;
			sourceTree = "<group>";
		};
		5BBD71C32348B75C00D0B9EA /* Main.storyboard */ = {
			isa = PBXVariantGroup;
			children = (
				5BBD71C42348B75C00D0B9EA /* Base */,
			);
			name = Main.storyboard;
			sourceTree = "<group>";
		};
		5BBD71C82348B76000D0B9EA /* LaunchScreen.storyboard */ = {
			isa = PBXVariantGroup;
			children = (
				5BBD71C92348B76000D0B9EA /* Base */,
			);
			name = LaunchScreen.storyboard;
			sourceTree = "<group>";
		};
/* End PBXVariantGroup section */

/* Begin XCBuildConfiguration section */
		5BBD71CC2348B76000D0B9EA /* Debug */ = {
			isa = XCBuildConfiguration;
			buildSettings = {
				ALWAYS_SEARCH_USER_PATHS = NO;
				CLANG_ANALYZER_NONNULL = YES;
				CLANG_ANALYZER_NUMBER_OBJECT_CONVERSION = YES_AGGRESSIVE;
				CLANG_CXX_LANGUAGE_STANDARD = "gnu++14";
				CLANG_CXX_LIBRARY = "libc++";
				CLANG_ENABLE_MODULES = YES;
				CLANG_ENABLE_OBJC_ARC = YES;
				CLANG_ENABLE_OBJC_WEAK = YES;
				CLANG_WARN_BLOCK_CAPTURE_AUTORELEASING = YES;
				CLANG_WARN_BOOL_CONVERSION = YES;
				CLANG_WARN_COMMA = YES;
				CLANG_WARN_CONSTANT_CONVERSION = YES;
				CLANG_WARN_DEPRECATED_OBJC_IMPLEMENTATIONS = YES;
				CLANG_WARN_DIRECT_OBJC_ISA_USAGE = YES_ERROR;
				CLANG_WARN_DOCUMENTATION_COMMENTS = YES;
				CLANG_WARN_EMPTY_BODY = YES;
				CLANG_WARN_ENUM_CONVERSION = YES;
				CLANG_WARN_INFINITE_RECURSION = YES;
				CLANG_WARN_INT_CONVERSION = YES;
				CLANG_WARN_NON_LITERAL_NULL_CONVERSION = YES;
				CLANG_WARN_OBJC_IMPLICIT_RETAIN_SELF = YES;
				CLANG_WARN_OBJC_LITERAL_CONVERSION = YES;
				CLANG_WARN_OBJC_ROOT_CLASS = YES_ERROR;
				CLANG_WARN_RANGE_LOOP_ANALYSIS = YES;
				CLANG_WARN_STRICT_PROTOTYPES = YES;
				CLANG_WARN_SUSPICIOUS_MOVE = YES;
				CLANG_WARN_UNGUARDED_AVAILABILITY = YES_AGGRESSIVE;
				CLANG_WARN_UNREACHABLE_CODE = YES;
				CLANG_WARN__DUPLICATE_METHOD_MATCH = YES;
				COPY_PHASE_STRIP = NO;
				DEBUG_INFORMATION_FORMAT = dwarf;
				ENABLE_STRICT_OBJC_MSGSEND = YES;
				ENABLE_TESTABILITY = YES;
				GCC_C_LANGUAGE_STANDARD = gnu11;
				GCC_DYNAMIC_NO_PIC = NO;
				GCC_NO_COMMON_BLOCKS = YES;
				GCC_OPTIMIZATION_LEVEL = 0;
				GCC_PREPROCESSOR_DEFINITIONS = (
					"DEBUG=1",
					"$(inherited)",
				);
				GCC_WARN_64_TO_32_BIT_CONVERSION = YES;
				GCC_WARN_ABOUT_RETURN_TYPE = YES_ERROR;
				GCC_WARN_UNDECLARED_SELECTOR = YES;
				GCC_WARN_UNINITIALIZED_AUTOS = YES_AGGRESSIVE;
				GCC_WARN_UNUSED_FUNCTION = YES;
				GCC_WARN_UNUSED_VARIABLE = YES;
				IPHONEOS_DEPLOYMENT_TARGET = 11.1;
				MTL_ENABLE_DEBUG_INFO = INCLUDE_SOURCE;
				MTL_FAST_MATH = YES;
				ONLY_ACTIVE_ARCH = YES;
				SDKROOT = iphoneos;
				SWIFT_ACTIVE_COMPILATION_CONDITIONS = DEBUG;
				SWIFT_OPTIMIZATION_LEVEL = "-Onone";
			};
			name = Debug;
		};
		5BBD71CD2348B76000D0B9EA /* Release */ = {
			isa = XCBuildConfiguration;
			buildSettings = {
				ALWAYS_SEARCH_USER_PATHS = NO;
				CLANG_ANALYZER_NONNULL = YES;
				CLANG_ANALYZER_NUMBER_OBJECT_CONVERSION = YES_AGGRESSIVE;
				CLANG_CXX_LANGUAGE_STANDARD = "gnu++14";
				CLANG_CXX_LIBRARY = "libc++";
				CLANG_ENABLE_MODULES = YES;
				CLANG_ENABLE_OBJC_ARC = YES;
				CLANG_ENABLE_OBJC_WEAK = YES;
				CLANG_WARN_BLOCK_CAPTURE_AUTORELEASING = YES;
				CLANG_WARN_BOOL_CONVERSION = YES;
				CLANG_WARN_COMMA = YES;
				CLANG_WARN_CONSTANT_CONVERSION = YES;
				CLANG_WARN_DEPRECATED_OBJC_IMPLEMENTATIONS = YES;
				CLANG_WARN_DIRECT_OBJC_ISA_USAGE = YES_ERROR;
				CLANG_WARN_DOCUMENTATION_COMMENTS = YES;
				CLANG_WARN_EMPTY_BODY = YES;
				CLANG_WARN_ENUM_CONVERSION = YES;
				CLANG_WARN_INFINITE_RECURSION = YES;
				CLANG_WARN_INT_CONVERSION = YES;
				CLANG_WARN_NON_LITERAL_NULL_CONVERSION = YES;
				CLANG_WARN_OBJC_IMPLICIT_RETAIN_SELF = YES;
				CLANG_WARN_OBJC_LITERAL_CONVERSION = YES;
				CLANG_WARN_OBJC_ROOT_CLASS = YES_ERROR;
				CLANG_WARN_RANGE_LOOP_ANALYSIS = YES;
				CLANG_WARN_STRICT_PROTOTYPES = YES;
				CLANG_WARN_SUSPICIOUS_MOVE = YES;
				CLANG_WARN_UNGUARDED_AVAILABILITY = YES_AGGRESSIVE;
				CLANG_WARN_UNREACHABLE_CODE = YES;
				CLANG_WARN__DUPLICATE_METHOD_MATCH = YES;
				COPY_PHASE_STRIP = NO;
				DEBUG_INFORMATION_FORMAT = "dwarf-with-dsym";
				ENABLE_NS_ASSERTIONS = NO;
				ENABLE_STRICT_OBJC_MSGSEND = YES;
				GCC_C_LANGUAGE_STANDARD = gnu11;
				GCC_NO_COMMON_BLOCKS = YES;
				GCC_WARN_64_TO_32_BIT_CONVERSION = YES;
				GCC_WARN_ABOUT_RETURN_TYPE = YES_ERROR;
				GCC_WARN_UNDECLARED_SELECTOR = YES;
				GCC_WARN_UNINITIALIZED_AUTOS = YES_AGGRESSIVE;
				GCC_WARN_UNUSED_FUNCTION = YES;
				GCC_WARN_UNUSED_VARIABLE = YES;
				IPHONEOS_DEPLOYMENT_TARGET = 11.1;
				MTL_ENABLE_DEBUG_INFO = NO;
				MTL_FAST_MATH = YES;
				SDKROOT = iphoneos;
				SWIFT_COMPILATION_MODE = wholemodule;
				SWIFT_OPTIMIZATION_LEVEL = "-O";
				VALIDATE_PRODUCT = YES;
			};
			name = Release;
		};
		5BBD71CF2348B76000D0B9EA /* Debug */ = {
			isa = XCBuildConfiguration;
			baseConfigurationReference = A8477F45C0E4B0C5CEEB2A6D /* Pods-ExchangeRates.debug.xcconfig */;
			buildSettings = {
				ASSETCATALOG_COMPILER_APPICON_NAME = AppIcon;
				CODE_SIGN_STYLE = Automatic;
				INFOPLIST_FILE = "$(SRCROOT)/ExchangeRates/Application/Info.plist";
				IPHONEOS_DEPLOYMENT_TARGET = 11.1;
				LD_RUNPATH_SEARCH_PATHS = (
					"$(inherited)",
					"@executable_path/Frameworks",
				);
				PRODUCT_BUNDLE_IDENTIFIER = DenisMelnikov.ExchangeRates;
				PRODUCT_NAME = "$(TARGET_NAME)";
				SWIFT_VERSION = 5.0;
				TARGETED_DEVICE_FAMILY = 1;
			};
			name = Debug;
		};
		5BBD71D02348B76000D0B9EA /* Release */ = {
			isa = XCBuildConfiguration;
			baseConfigurationReference = 215B438D33C5DB212CC5FE8D /* Pods-ExchangeRates.release.xcconfig */;
			buildSettings = {
				ASSETCATALOG_COMPILER_APPICON_NAME = AppIcon;
				CODE_SIGN_STYLE = Automatic;
				INFOPLIST_FILE = "$(SRCROOT)/ExchangeRates/Application/Info.plist";
				IPHONEOS_DEPLOYMENT_TARGET = 11.1;
				LD_RUNPATH_SEARCH_PATHS = (
					"$(inherited)",
					"@executable_path/Frameworks",
				);
				PRODUCT_BUNDLE_IDENTIFIER = DenisMelnikov.ExchangeRates;
				PRODUCT_NAME = "$(TARGET_NAME)";
				SWIFT_VERSION = 5.0;
				TARGETED_DEVICE_FAMILY = 1;
			};
			name = Release;
		};
/* End XCBuildConfiguration section */

/* Begin XCConfigurationList section */
		5BBD71B52348B75C00D0B9EA /* Build configuration list for PBXProject "ExchangeRates" */ = {
			isa = XCConfigurationList;
			buildConfigurations = (
				5BBD71CC2348B76000D0B9EA /* Debug */,
				5BBD71CD2348B76000D0B9EA /* Release */,
			);
			defaultConfigurationIsVisible = 0;
			defaultConfigurationName = Release;
		};
		5BBD71CE2348B76000D0B9EA /* Build configuration list for PBXNativeTarget "ExchangeRates" */ = {
			isa = XCConfigurationList;
			buildConfigurations = (
				5BBD71CF2348B76000D0B9EA /* Debug */,
				5BBD71D02348B76000D0B9EA /* Release */,
			);
			defaultConfigurationIsVisible = 0;
			defaultConfigurationName = Release;
		};
/* End XCConfigurationList section */
	};
	rootObject = 5BBD71B22348B75C00D0B9EA /* Project object */;
}
